// !$*UTF8*$!
{
	archiveVersion = 1;
	classes = {
	};
	objectVersion = 46;
	objects = {

/* Begin PBXBuildFile section */
		12BDAA65182EA0C400A61194 /* DashboardViewController.m in Sources */ = {isa = PBXBuildFile; fileRef = 12BDAA64182EA0C400A61194 /* DashboardViewController.m */; };
		12BDAA68182EA68700A61194 /* VotingViewController.m in Sources */ = {isa = PBXBuildFile; fileRef = 12BDAA67182EA68700A61194 /* VotingViewController.m */; };
		12BDAA6A182EE0E300A61194 /* ReportItem.xib in Resources */ = {isa = PBXBuildFile; fileRef = 12BDAA69182EE0E300A61194 /* ReportItem.xib */; };
		12BDAA77182EE3CD00A61194 /* tick-date@2x.png in Resources */ = {isa = PBXBuildFile; fileRef = 12BDAA6B182EE3CD00A61194 /* tick-date@2x.png */; };
		12BDAA78182EE3CD00A61194 /* tick-date.png in Resources */ = {isa = PBXBuildFile; fileRef = 12BDAA6C182EE3CD00A61194 /* tick-date.png */; };
		12BDAA79182EE3CD00A61194 /* scroll-bg@2x.png in Resources */ = {isa = PBXBuildFile; fileRef = 12BDAA6D182EE3CD00A61194 /* scroll-bg@2x.png */; };
		12BDAA7A182EE3CD00A61194 /* tab@2x.png in Resources */ = {isa = PBXBuildFile; fileRef = 12BDAA6E182EE3CD00A61194 /* tab@2x.png */; };
		12BDAA7B182EE3CD00A61194 /* scroll-bg.png in Resources */ = {isa = PBXBuildFile; fileRef = 12BDAA6F182EE3CD00A61194 /* scroll-bg.png */; };
		12BDAA7C182EE3CD00A61194 /* tab.png in Resources */ = {isa = PBXBuildFile; fileRef = 12BDAA70182EE3CD00A61194 /* tab.png */; };
		12BDAA7D182EE3CD00A61194 /* green-bg@2x.png in Resources */ = {isa = PBXBuildFile; fileRef = 12BDAA71182EE3CD00A61194 /* green-bg@2x.png */; };
		12BDAA7E182EE3CD00A61194 /* grey-bg@2x.png in Resources */ = {isa = PBXBuildFile; fileRef = 12BDAA72182EE3CD00A61194 /* grey-bg@2x.png */; };
		12BDAA7F182EE3CD00A61194 /* red-bg@2x.png in Resources */ = {isa = PBXBuildFile; fileRef = 12BDAA73182EE3CD00A61194 /* red-bg@2x.png */; };
		12BDAA80182EE3CD00A61194 /* green-bg.png in Resources */ = {isa = PBXBuildFile; fileRef = 12BDAA74182EE3CD00A61194 /* green-bg.png */; };
		12BDAA81182EE3CD00A61194 /* grey-bg.png in Resources */ = {isa = PBXBuildFile; fileRef = 12BDAA75182EE3CD00A61194 /* grey-bg.png */; };
		12BDAA82182EE3CD00A61194 /* red-bg.png in Resources */ = {isa = PBXBuildFile; fileRef = 12BDAA76182EE3CD00A61194 /* red-bg.png */; };
		12BDAA85182EE48F00A61194 /* ReportItem.m in Sources */ = {isa = PBXBuildFile; fileRef = 12BDAA84182EE48F00A61194 /* ReportItem.m */; };
		12BDAA88182EE6A000A61194 /* ViewReportViewController.m in Sources */ = {isa = PBXBuildFile; fileRef = 12BDAA87182EE6A000A61194 /* ViewReportViewController.m */; };
		12BDAA9D182F0D2500A61194 /* AFHTTPRequestOperation.m in Sources */ = {isa = PBXBuildFile; fileRef = 12BDAA8B182F0D2500A61194 /* AFHTTPRequestOperation.m */; };
		12BDAA9E182F0D2500A61194 /* AFHTTPRequestOperationManager.m in Sources */ = {isa = PBXBuildFile; fileRef = 12BDAA8D182F0D2500A61194 /* AFHTTPRequestOperationManager.m */; };
		12BDAA9F182F0D2500A61194 /* AFHTTPSessionManager.m in Sources */ = {isa = PBXBuildFile; fileRef = 12BDAA8F182F0D2500A61194 /* AFHTTPSessionManager.m */; };
		12BDAAA0182F0D2500A61194 /* AFNetworkReachabilityManager.m in Sources */ = {isa = PBXBuildFile; fileRef = 12BDAA92182F0D2500A61194 /* AFNetworkReachabilityManager.m */; };
		12BDAAA1182F0D2500A61194 /* AFSecurityPolicy.m in Sources */ = {isa = PBXBuildFile; fileRef = 12BDAA94182F0D2500A61194 /* AFSecurityPolicy.m */; };
		12BDAAA2182F0D2500A61194 /* AFURLConnectionOperation.m in Sources */ = {isa = PBXBuildFile; fileRef = 12BDAA96182F0D2500A61194 /* AFURLConnectionOperation.m */; };
		12BDAAA3182F0D2500A61194 /* AFURLRequestSerialization.m in Sources */ = {isa = PBXBuildFile; fileRef = 12BDAA98182F0D2500A61194 /* AFURLRequestSerialization.m */; };
		12BDAAA4182F0D2500A61194 /* AFURLResponseSerialization.m in Sources */ = {isa = PBXBuildFile; fileRef = 12BDAA9A182F0D2500A61194 /* AFURLResponseSerialization.m */; };
		12BDAAA5182F0D2500A61194 /* AFURLSessionManager.m in Sources */ = {isa = PBXBuildFile; fileRef = 12BDAA9C182F0D2500A61194 /* AFURLSessionManager.m */; };
		12BDAAB6182F0D2E00A61194 /* AFNetworkActivityIndicatorManager.m in Sources */ = {isa = PBXBuildFile; fileRef = 12BDAAA8182F0D2E00A61194 /* AFNetworkActivityIndicatorManager.m */; };
		12BDAAB7182F0D2E00A61194 /* UIActivityIndicatorView+AFNetworking.m in Sources */ = {isa = PBXBuildFile; fileRef = 12BDAAAA182F0D2E00A61194 /* UIActivityIndicatorView+AFNetworking.m */; };
		12BDAAB8182F0D2E00A61194 /* UIAlertView+AFNetworking.m in Sources */ = {isa = PBXBuildFile; fileRef = 12BDAAAC182F0D2E00A61194 /* UIAlertView+AFNetworking.m */; };
		12BDAAB9182F0D2E00A61194 /* UIButton+AFNetworking.m in Sources */ = {isa = PBXBuildFile; fileRef = 12BDAAAE182F0D2E00A61194 /* UIButton+AFNetworking.m */; };
		12BDAABA182F0D2E00A61194 /* UIImageView+AFNetworking.m in Sources */ = {isa = PBXBuildFile; fileRef = 12BDAAB0182F0D2E00A61194 /* UIImageView+AFNetworking.m */; };
		12BDAABB182F0D2E00A61194 /* UIProgressView+AFNetworking.m in Sources */ = {isa = PBXBuildFile; fileRef = 12BDAAB3182F0D2E00A61194 /* UIProgressView+AFNetworking.m */; };
		12BDAABC182F0D2E00A61194 /* UIWebView+AFNetworking.m in Sources */ = {isa = PBXBuildFile; fileRef = 12BDAAB5182F0D2E00A61194 /* UIWebView+AFNetworking.m */; };
		12BDAAC1182F141700A61194 /* ActivityType.m in Sources */ = {isa = PBXBuildFile; fileRef = 12BDAAC0182F141700A61194 /* ActivityType.m */; };
		12BDAAC4182F143300A61194 /* Activity.m in Sources */ = {isa = PBXBuildFile; fileRef = 12BDAAC3182F143300A61194 /* Activity.m */; };
		12BDAAC7182F144000A61194 /* User.m in Sources */ = {isa = PBXBuildFile; fileRef = 12BDAAC6182F144000A61194 /* User.m */; };
		12BDAACD182F170F00A61194 /* AFAppDotNetAPIClient.m in Sources */ = {isa = PBXBuildFile; fileRef = 12BDAACC182F170F00A61194 /* AFAppDotNetAPIClient.m */; };
		12BDAAE6182F38F600A61194 /* type1.png in Resources */ = {isa = PBXBuildFile; fileRef = 12BDAACE182F38F600A61194 /* type1.png */; };
		12BDAAE7182F38F600A61194 /* type1@2x.png in Resources */ = {isa = PBXBuildFile; fileRef = 12BDAACF182F38F600A61194 /* type1@2x.png */; };
		12BDAAE8182F38F600A61194 /* type2.png in Resources */ = {isa = PBXBuildFile; fileRef = 12BDAAD0182F38F600A61194 /* type2.png */; };
		12BDAAE9182F38F600A61194 /* type2@2x.png in Resources */ = {isa = PBXBuildFile; fileRef = 12BDAAD1182F38F600A61194 /* type2@2x.png */; };
		12BDAAEA182F38F600A61194 /* type3.png in Resources */ = {isa = PBXBuildFile; fileRef = 12BDAAD2182F38F600A61194 /* type3.png */; };
		12BDAAEB182F38F600A61194 /* type3@2x.png in Resources */ = {isa = PBXBuildFile; fileRef = 12BDAAD3182F38F600A61194 /* type3@2x.png */; };
		12BDAAEC182F38F600A61194 /* type4.png in Resources */ = {isa = PBXBuildFile; fileRef = 12BDAAD4182F38F600A61194 /* type4.png */; };
		12BDAAED182F38F600A61194 /* type4@2x.png in Resources */ = {isa = PBXBuildFile; fileRef = 12BDAAD5182F38F600A61194 /* type4@2x.png */; };
		12BDAAEE182F38F600A61194 /* type5.png in Resources */ = {isa = PBXBuildFile; fileRef = 12BDAAD6182F38F600A61194 /* type5.png */; };
		12BDAAEF182F38F600A61194 /* type5@2x.png in Resources */ = {isa = PBXBuildFile; fileRef = 12BDAAD7182F38F600A61194 /* type5@2x.png */; };
		12BDAAF0182F38F600A61194 /* type6.png in Resources */ = {isa = PBXBuildFile; fileRef = 12BDAAD8182F38F600A61194 /* type6.png */; };
		12BDAAF1182F38F600A61194 /* type6@2x.png in Resources */ = {isa = PBXBuildFile; fileRef = 12BDAAD9182F38F600A61194 /* type6@2x.png */; };
		12BDAAF2182F38F600A61194 /* type7.png in Resources */ = {isa = PBXBuildFile; fileRef = 12BDAADA182F38F600A61194 /* type7.png */; };
		12BDAAF3182F38F600A61194 /* type7@2x.png in Resources */ = {isa = PBXBuildFile; fileRef = 12BDAADB182F38F600A61194 /* type7@2x.png */; };
		12BDAAF4182F38F600A61194 /* type8.png in Resources */ = {isa = PBXBuildFile; fileRef = 12BDAADC182F38F600A61194 /* type8.png */; };
		12BDAAF5182F38F600A61194 /* type8@2x.png in Resources */ = {isa = PBXBuildFile; fileRef = 12BDAADD182F38F600A61194 /* type8@2x.png */; };
		12BDAAF6182F38F600A61194 /* type9.png in Resources */ = {isa = PBXBuildFile; fileRef = 12BDAADE182F38F600A61194 /* type9.png */; };
		12BDAAF7182F38F600A61194 /* type9@2x.png in Resources */ = {isa = PBXBuildFile; fileRef = 12BDAADF182F38F600A61194 /* type9@2x.png */; };
		12BDAAF8182F38F600A61194 /* type10.png in Resources */ = {isa = PBXBuildFile; fileRef = 12BDAAE0182F38F600A61194 /* type10.png */; };
		12BDAAF9182F38F600A61194 /* type10@2x.png in Resources */ = {isa = PBXBuildFile; fileRef = 12BDAAE1182F38F600A61194 /* type10@2x.png */; };
		12BDAAFA182F38F600A61194 /* type11.png in Resources */ = {isa = PBXBuildFile; fileRef = 12BDAAE2182F38F600A61194 /* type11.png */; };
		12BDAAFB182F38F600A61194 /* type11@2x.png in Resources */ = {isa = PBXBuildFile; fileRef = 12BDAAE3182F38F600A61194 /* type11@2x.png */; };
		12BDAAFC182F38F600A61194 /* type12.png in Resources */ = {isa = PBXBuildFile; fileRef = 12BDAAE4182F38F600A61194 /* type12.png */; };
		12BDAAFD182F38F600A61194 /* type12@2x.png in Resources */ = {isa = PBXBuildFile; fileRef = 12BDAAE5182F38F600A61194 /* type12@2x.png */; };
		12BDAB06182F3CCE00A61194 /* avatar1.png in Resources */ = {isa = PBXBuildFile; fileRef = 12BDAAFE182F3CCE00A61194 /* avatar1.png */; };
		12BDAB07182F3CCE00A61194 /* avatar1@2x.png in Resources */ = {isa = PBXBuildFile; fileRef = 12BDAAFF182F3CCE00A61194 /* avatar1@2x.png */; };
		12BDAB08182F3CCE00A61194 /* avatar2.png in Resources */ = {isa = PBXBuildFile; fileRef = 12BDAB00182F3CCE00A61194 /* avatar2.png */; };
		12BDAB09182F3CCE00A61194 /* avatar2@2x.png in Resources */ = {isa = PBXBuildFile; fileRef = 12BDAB01182F3CCE00A61194 /* avatar2@2x.png */; };
		12BDAB0A182F3CCE00A61194 /* avatar3.png in Resources */ = {isa = PBXBuildFile; fileRef = 12BDAB02182F3CCE00A61194 /* avatar3.png */; };
		12BDAB0B182F3CCE00A61194 /* avatar3@2x.png in Resources */ = {isa = PBXBuildFile; fileRef = 12BDAB03182F3CCE00A61194 /* avatar3@2x.png */; };
		12BDAB0C182F3CCE00A61194 /* avatar4.png in Resources */ = {isa = PBXBuildFile; fileRef = 12BDAB04182F3CCE00A61194 /* avatar4.png */; };
		12BDAB0D182F3CCE00A61194 /* avatar4@2x.png in Resources */ = {isa = PBXBuildFile; fileRef = 12BDAB05182F3CCE00A61194 /* avatar4@2x.png */; };
		12BDAB0F182F4C7100A61194 /* ga-outcome.png in Resources */ = {isa = PBXBuildFile; fileRef = 12BDAB0E182F4C7100A61194 /* ga-outcome.png */; };
		12BDAB11182F539300A61194 /* logo.png in Resources */ = {isa = PBXBuildFile; fileRef = 12BDAB10182F539300A61194 /* logo.png */; };
		12D1E1EB182DF7C1003E767E /* Foundation.framework in Frameworks */ = {isa = PBXBuildFile; fileRef = 12D1E1EA182DF7C1003E767E /* Foundation.framework */; };
		12D1E1ED182DF7C1003E767E /* CoreGraphics.framework in Frameworks */ = {isa = PBXBuildFile; fileRef = 12D1E1EC182DF7C1003E767E /* CoreGraphics.framework */; };
		12D1E1EF182DF7C1003E767E /* UIKit.framework in Frameworks */ = {isa = PBXBuildFile; fileRef = 12D1E1EE182DF7C1003E767E /* UIKit.framework */; };
		12D1E1F5182DF7C1003E767E /* InfoPlist.strings in Resources */ = {isa = PBXBuildFile; fileRef = 12D1E1F3182DF7C1003E767E /* InfoPlist.strings */; };
		12D1E1F7182DF7C1003E767E /* main.m in Sources */ = {isa = PBXBuildFile; fileRef = 12D1E1F6182DF7C1003E767E /* main.m */; };
		12D1E1FB182DF7C1003E767E /* AppDelegate.m in Sources */ = {isa = PBXBuildFile; fileRef = 12D1E1FA182DF7C1003E767E /* AppDelegate.m */; };
		12D1E1FE182DF7C1003E767E /* Main_iPhone.storyboard in Resources */ = {isa = PBXBuildFile; fileRef = 12D1E1FC182DF7C1003E767E /* Main_iPhone.storyboard */; };
		12D1E201182DF7C1003E767E /* Main_iPad.storyboard in Resources */ = {isa = PBXBuildFile; fileRef = 12D1E1FF182DF7C1003E767E /* Main_iPad.storyboard */; };
		12D1E204182DF7C1003E767E /* ViewController.m in Sources */ = {isa = PBXBuildFile; fileRef = 12D1E203182DF7C1003E767E /* ViewController.m */; };
		12D1E206182DF7C1003E767E /* Images.xcassets in Resources */ = {isa = PBXBuildFile; fileRef = 12D1E205182DF7C1003E767E /* Images.xcassets */; };
		12D1E20D182DF7C1003E767E /* XCTest.framework in Frameworks */ = {isa = PBXBuildFile; fileRef = 12D1E20C182DF7C1003E767E /* XCTest.framework */; };
		12D1E20E182DF7C1003E767E /* Foundation.framework in Frameworks */ = {isa = PBXBuildFile; fileRef = 12D1E1EA182DF7C1003E767E /* Foundation.framework */; };
		12D1E20F182DF7C1003E767E /* UIKit.framework in Frameworks */ = {isa = PBXBuildFile; fileRef = 12D1E1EE182DF7C1003E767E /* UIKit.framework */; };
		12D1E217182DF7C1003E767E /* InfoPlist.strings in Resources */ = {isa = PBXBuildFile; fileRef = 12D1E215182DF7C1003E767E /* InfoPlist.strings */; };
		12D1E219182DF7C1003E767E /* GatherBoxTests.m in Sources */ = {isa = PBXBuildFile; fileRef = 12D1E218182DF7C1003E767E /* GatherBoxTests.m */; };
		12D1E226182DF86B003E767E /* ImageViewCell.m in Sources */ = {isa = PBXBuildFile; fileRef = 12D1E223182DF86B003E767E /* ImageViewCell.m */; };
		12D1E229182DF98D003E767E /* Cell.png in Resources */ = {isa = PBXBuildFile; fileRef = 12D1E228182DF98D003E767E /* Cell.png */; };
		12D1E260182E1112003E767E /* CreateVoteViewController.m in Sources */ = {isa = PBXBuildFile; fileRef = 12D1E25F182E1112003E767E /* CreateVoteViewController.m */; };
		12D1E26E182E1493003E767E /* EIImagePickerDelegate.m in Sources */ = {isa = PBXBuildFile; fileRef = 12D1E263182E1493003E767E /* EIImagePickerDelegate.m */; };
		12D1E26F182E1493003E767E /* EIOperationManager.m in Sources */ = {isa = PBXBuildFile; fileRef = 12D1E265182E1493003E767E /* EIOperationManager.m */; };
		12D1E270182E1493003E767E /* NSData+Storage.m in Sources */ = {isa = PBXBuildFile; fileRef = 12D1E268182E1493003E767E /* NSData+Storage.m */; };
		12D1E271182E1493003E767E /* StandardPaths.m in Sources */ = {isa = PBXBuildFile; fileRef = 12D1E26B182E1493003E767E /* StandardPaths.m */; };
		12D1E272182E1493003E767E /* UIImage+Resize.m in Sources */ = {isa = PBXBuildFile; fileRef = 12D1E26D182E1493003E767E /* UIImage+Resize.m */; };
		12D1E274182E18EE003E767E /* plus_icon.png in Resources */ = {isa = PBXBuildFile; fileRef = 12D1E273182E18EE003E767E /* plus_icon.png */; };
		12D1E276182E1B8F003E767E /* QuartzCore.framework in Frameworks */ = {isa = PBXBuildFile; fileRef = 12D1E275182E1B8F003E767E /* QuartzCore.framework */; };
		12D1E278182E1CC6003E767E /* boy.png in Resources */ = {isa = PBXBuildFile; fileRef = 12D1E277182E1CC6003E767E /* boy.png */; };
		12D1E27E182E209E003E767E /* CategoryView.m in Sources */ = {isa = PBXBuildFile; fileRef = 12D1E27D182E209E003E767E /* CategoryView.m */; };
		12D1E284182E2D7C003E767E /* UIImage+ImageEffects.m in Sources */ = {isa = PBXBuildFile; fileRef = 12D1E281182E2D7C003E767E /* UIImage+ImageEffects.m */; };
		12D1E285182E2D7C003E767E /* UINavigationController+MHDismissModalView.m in Sources */ = {isa = PBXBuildFile; fileRef = 12D1E283182E2D7C003E767E /* UINavigationController+MHDismissModalView.m */; };
		12D1E288182E2F33003E767E /* AddFriendsViewController.m in Sources */ = {isa = PBXBuildFile; fileRef = 12D1E287182E2F33003E767E /* AddFriendsViewController.m */; };
		12D1E29E182E429F003E767E /* add.png in Resources */ = {isa = PBXBuildFile; fileRef = 12D1E28C182E429F003E767E /* add.png */; };
		12D1E29F182E429F003E767E /* add@2x.png in Resources */ = {isa = PBXBuildFile; fileRef = 12D1E28D182E429F003E767E /* add@2x.png */; };
		12D1E2A0182E429F003E767E /* arrow-left.png in Resources */ = {isa = PBXBuildFile; fileRef = 12D1E28E182E429F003E767E /* arrow-left.png */; };
		12D1E2A1182E429F003E767E /* arrow-left@2x.png in Resources */ = {isa = PBXBuildFile; fileRef = 12D1E28F182E429F003E767E /* arrow-left@2x.png */; };
		12D1E2A2182E429F003E767E /* arrow-right.png in Resources */ = {isa = PBXBuildFile; fileRef = 12D1E290182E429F003E767E /* arrow-right.png */; };
		12D1E2A3182E429F003E767E /* arrow-right@2x.png in Resources */ = {isa = PBXBuildFile; fileRef = 12D1E291182E429F003E767E /* arrow-right@2x.png */; };
		12D1E2A4182E429F003E767E /* date-container.png in Resources */ = {isa = PBXBuildFile; fileRef = 12D1E292182E429F003E767E /* date-container.png */; };
		12D1E2A5182E429F003E767E /* date-container@2x.png in Resources */ = {isa = PBXBuildFile; fileRef = 12D1E293182E429F003E767E /* date-container@2x.png */; };
		12D1E2A6182E429F003E767E /* image-holder-tick.png in Resources */ = {isa = PBXBuildFile; fileRef = 12D1E294182E429F003E767E /* image-holder-tick.png */; };
		12D1E2A7182E429F003E767E /* image-holder.png in Resources */ = {isa = PBXBuildFile; fileRef = 12D1E295182E429F003E767E /* image-holder.png */; };
		12D1E2A8182E429F003E767E /* Input.png in Resources */ = {isa = PBXBuildFile; fileRef = 12D1E296182E429F003E767E /* Input.png */; };
		12D1E2A9182E429F003E767E /* Input@2x.png in Resources */ = {isa = PBXBuildFile; fileRef = 12D1E297182E429F003E767E /* Input@2x.png */; };
		12D1E2AA182E429F003E767E /* step1.png in Resources */ = {isa = PBXBuildFile; fileRef = 12D1E298182E429F003E767E /* step1.png */; };
		12D1E2AB182E429F003E767E /* step1@2x.png in Resources */ = {isa = PBXBuildFile; fileRef = 12D1E299182E429F003E767E /* step1@2x.png */; };
		12D1E2AC182E429F003E767E /* step2.png in Resources */ = {isa = PBXBuildFile; fileRef = 12D1E29A182E429F003E767E /* step2.png */; };
		12D1E2AD182E429F003E767E /* step2@2x.png in Resources */ = {isa = PBXBuildFile; fileRef = 12D1E29B182E429F003E767E /* step2@2x.png */; };
		12D1E2AE182E429F003E767E /* step3.png in Resources */ = {isa = PBXBuildFile; fileRef = 12D1E29C182E429F003E767E /* step3.png */; };
		12D1E2AF182E429F003E767E /* step3@2x.png in Resources */ = {isa = PBXBuildFile; fileRef = 12D1E29D182E429F003E767E /* step3@2x.png */; };
		12D1E2B3182E46BF003E767E /* CalendarView.xib in Resources */ = {isa = PBXBuildFile; fileRef = 12D1E2B2182E46BF003E767E /* CalendarView.xib */; };
		12D1E2B6182E48BE003E767E /* CalendarViewItem.m in Sources */ = {isa = PBXBuildFile; fileRef = 12D1E2B5182E48BE003E767E /* CalendarViewItem.m */; };
		12D1E2C3182E4EDA003E767E /* bullet-selected.png in Resources */ = {isa = PBXBuildFile; fileRef = 12D1E2B7182E4EDA003E767E /* bullet-selected.png */; };
		12D1E2C4182E4EDA003E767E /* bullet-selected@2x.png in Resources */ = {isa = PBXBuildFile; fileRef = 12D1E2B8182E4EDA003E767E /* bullet-selected@2x.png */; };
		12D1E2C5182E4EDA003E767E /* bullet.png in Resources */ = {isa = PBXBuildFile; fileRef = 12D1E2B9182E4EDA003E767E /* bullet.png */; };
		12D1E2C6182E4EDA003E767E /* bullet@2x.png in Resources */ = {isa = PBXBuildFile; fileRef = 12D1E2BA182E4EDA003E767E /* bullet@2x.png */; };
		12D1E2C7182E4EDA003E767E /* line.png in Resources */ = {isa = PBXBuildFile; fileRef = 12D1E2BB182E4EDA003E767E /* line.png */; };
		12D1E2C8182E4EDA003E767E /* line@2x.png in Resources */ = {isa = PBXBuildFile; fileRef = 12D1E2BC182E4EDA003E767E /* line@2x.png */; };
		12D1E2C9182E4EDA003E767E /* step1-selected.png in Resources */ = {isa = PBXBuildFile; fileRef = 12D1E2BD182E4EDA003E767E /* step1-selected.png */; };
		12D1E2CA182E4EDA003E767E /* step1-selected@2x.png in Resources */ = {isa = PBXBuildFile; fileRef = 12D1E2BE182E4EDA003E767E /* step1-selected@2x.png */; };
		12D1E2CB182E4EDA003E767E /* step2-selected.png in Resources */ = {isa = PBXBuildFile; fileRef = 12D1E2BF182E4EDA003E767E /* step2-selected.png */; };
		12D1E2CC182E4EDA003E767E /* step2-selected@2x.png in Resources */ = {isa = PBXBuildFile; fileRef = 12D1E2C0182E4EDA003E767E /* step2-selected@2x.png */; };
		12D1E2CD182E4EDA003E767E /* step3-selected.png in Resources */ = {isa = PBXBuildFile; fileRef = 12D1E2C1182E4EDA003E767E /* step3-selected.png */; };
		12D1E2CE182E4EDA003E767E /* step3-selected@2x.png in Resources */ = {isa = PBXBuildFile; fileRef = 12D1E2C2182E4EDA003E767E /* step3-selected@2x.png */; };
		12D1E2D1182E6047003E767E /* ChooseDateTimeView.m in Sources */ = {isa = PBXBuildFile; fileRef = 12D1E2D0182E6047003E767E /* ChooseDateTimeView.m */; };
		12D1E2D5182E682E003E767E /* CategoryItem.xib in Resources */ = {isa = PBXBuildFile; fileRef = 12D1E2D4182E682E003E767E /* CategoryItem.xib */; };
		12D1E2D8182E68C3003E767E /* CategoryItem.m in Sources */ = {isa = PBXBuildFile; fileRef = 12D1E2D7182E68C3003E767E /* CategoryItem.m */; };
/* End PBXBuildFile section */

/* Begin PBXContainerItemProxy section */
		12D1E210182DF7C1003E767E /* PBXContainerItemProxy */ = {
			isa = PBXContainerItemProxy;
			containerPortal = 12D1E1DF182DF7C1003E767E /* Project object */;
			proxyType = 1;
			remoteGlobalIDString = 12D1E1E6182DF7C1003E767E;
			remoteInfo = GatherBox;
		};
/* End PBXContainerItemProxy section */

/* Begin PBXFileReference section */
		12BDAA63182EA0C400A61194 /* DashboardViewController.h */ = {isa = PBXFileReference; fileEncoding = 4; lastKnownFileType = sourcecode.c.h; path = DashboardViewController.h; sourceTree = "<group>"; };
		12BDAA64182EA0C400A61194 /* DashboardViewController.m */ = {isa = PBXFileReference; fileEncoding = 4; lastKnownFileType = sourcecode.c.objc; path = DashboardViewController.m; sourceTree = "<group>"; };
		12BDAA66182EA68700A61194 /* VotingViewController.h */ = {isa = PBXFileReference; fileEncoding = 4; lastKnownFileType = sourcecode.c.h; path = VotingViewController.h; sourceTree = "<group>"; };
		12BDAA67182EA68700A61194 /* VotingViewController.m */ = {isa = PBXFileReference; fileEncoding = 4; lastKnownFileType = sourcecode.c.objc; path = VotingViewController.m; sourceTree = "<group>"; };
		12BDAA69182EE0E300A61194 /* ReportItem.xib */ = {isa = PBXFileReference; fileEncoding = 4; lastKnownFileType = file.xib; path = ReportItem.xib; sourceTree = "<group>"; };
		12BDAA6B182EE3CD00A61194 /* tick-date@2x.png */ = {isa = PBXFileReference; lastKnownFileType = image.png; path = "tick-date@2x.png"; sourceTree = "<group>"; };
		12BDAA6C182EE3CD00A61194 /* tick-date.png */ = {isa = PBXFileReference; lastKnownFileType = image.png; path = "tick-date.png"; sourceTree = "<group>"; };
		12BDAA6D182EE3CD00A61194 /* scroll-bg@2x.png */ = {isa = PBXFileReference; lastKnownFileType = image.png; path = "scroll-bg@2x.png"; sourceTree = "<group>"; };
		12BDAA6E182EE3CD00A61194 /* tab@2x.png */ = {isa = PBXFileReference; lastKnownFileType = image.png; path = "tab@2x.png"; sourceTree = "<group>"; };
		12BDAA6F182EE3CD00A61194 /* scroll-bg.png */ = {isa = PBXFileReference; lastKnownFileType = image.png; path = "scroll-bg.png"; sourceTree = "<group>"; };
		12BDAA70182EE3CD00A61194 /* tab.png */ = {isa = PBXFileReference; lastKnownFileType = image.png; path = tab.png; sourceTree = "<group>"; };
		12BDAA71182EE3CD00A61194 /* green-bg@2x.png */ = {isa = PBXFileReference; lastKnownFileType = image.png; path = "green-bg@2x.png"; sourceTree = "<group>"; };
		12BDAA72182EE3CD00A61194 /* grey-bg@2x.png */ = {isa = PBXFileReference; lastKnownFileType = image.png; path = "grey-bg@2x.png"; sourceTree = "<group>"; };
		12BDAA73182EE3CD00A61194 /* red-bg@2x.png */ = {isa = PBXFileReference; lastKnownFileType = image.png; path = "red-bg@2x.png"; sourceTree = "<group>"; };
		12BDAA74182EE3CD00A61194 /* green-bg.png */ = {isa = PBXFileReference; lastKnownFileType = image.png; path = "green-bg.png"; sourceTree = "<group>"; };
		12BDAA75182EE3CD00A61194 /* grey-bg.png */ = {isa = PBXFileReference; lastKnownFileType = image.png; path = "grey-bg.png"; sourceTree = "<group>"; };
		12BDAA76182EE3CD00A61194 /* red-bg.png */ = {isa = PBXFileReference; lastKnownFileType = image.png; path = "red-bg.png"; sourceTree = "<group>"; };
		12BDAA83182EE48F00A61194 /* ReportItem.h */ = {isa = PBXFileReference; fileEncoding = 4; lastKnownFileType = sourcecode.c.h; path = ReportItem.h; sourceTree = "<group>"; };
		12BDAA84182EE48F00A61194 /* ReportItem.m */ = {isa = PBXFileReference; fileEncoding = 4; lastKnownFileType = sourcecode.c.objc; path = ReportItem.m; sourceTree = "<group>"; };
		12BDAA86182EE6A000A61194 /* ViewReportViewController.h */ = {isa = PBXFileReference; fileEncoding = 4; lastKnownFileType = sourcecode.c.h; path = ViewReportViewController.h; sourceTree = "<group>"; };
		12BDAA87182EE6A000A61194 /* ViewReportViewController.m */ = {isa = PBXFileReference; fileEncoding = 4; lastKnownFileType = sourcecode.c.objc; path = ViewReportViewController.m; sourceTree = "<group>"; };
		12BDAA8A182F0D2500A61194 /* AFHTTPRequestOperation.h */ = {isa = PBXFileReference; fileEncoding = 4; lastKnownFileType = sourcecode.c.h; path = AFHTTPRequestOperation.h; sourceTree = "<group>"; };
		12BDAA8B182F0D2500A61194 /* AFHTTPRequestOperation.m */ = {isa = PBXFileReference; fileEncoding = 4; lastKnownFileType = sourcecode.c.objc; path = AFHTTPRequestOperation.m; sourceTree = "<group>"; };
		12BDAA8C182F0D2500A61194 /* AFHTTPRequestOperationManager.h */ = {isa = PBXFileReference; fileEncoding = 4; lastKnownFileType = sourcecode.c.h; path = AFHTTPRequestOperationManager.h; sourceTree = "<group>"; };
		12BDAA8D182F0D2500A61194 /* AFHTTPRequestOperationManager.m */ = {isa = PBXFileReference; fileEncoding = 4; lastKnownFileType = sourcecode.c.objc; path = AFHTTPRequestOperationManager.m; sourceTree = "<group>"; };
		12BDAA8E182F0D2500A61194 /* AFHTTPSessionManager.h */ = {isa = PBXFileReference; fileEncoding = 4; lastKnownFileType = sourcecode.c.h; path = AFHTTPSessionManager.h; sourceTree = "<group>"; };
		12BDAA8F182F0D2500A61194 /* AFHTTPSessionManager.m */ = {isa = PBXFileReference; fileEncoding = 4; lastKnownFileType = sourcecode.c.objc; path = AFHTTPSessionManager.m; sourceTree = "<group>"; };
		12BDAA90182F0D2500A61194 /* AFNetworking.h */ = {isa = PBXFileReference; fileEncoding = 4; lastKnownFileType = sourcecode.c.h; path = AFNetworking.h; sourceTree = "<group>"; };
		12BDAA91182F0D2500A61194 /* AFNetworkReachabilityManager.h */ = {isa = PBXFileReference; fileEncoding = 4; lastKnownFileType = sourcecode.c.h; path = AFNetworkReachabilityManager.h; sourceTree = "<group>"; };
		12BDAA92182F0D2500A61194 /* AFNetworkReachabilityManager.m */ = {isa = PBXFileReference; fileEncoding = 4; lastKnownFileType = sourcecode.c.objc; path = AFNetworkReachabilityManager.m; sourceTree = "<group>"; };
		12BDAA93182F0D2500A61194 /* AFSecurityPolicy.h */ = {isa = PBXFileReference; fileEncoding = 4; lastKnownFileType = sourcecode.c.h; path = AFSecurityPolicy.h; sourceTree = "<group>"; };
		12BDAA94182F0D2500A61194 /* AFSecurityPolicy.m */ = {isa = PBXFileReference; fileEncoding = 4; lastKnownFileType = sourcecode.c.objc; path = AFSecurityPolicy.m; sourceTree = "<group>"; };
		12BDAA95182F0D2500A61194 /* AFURLConnectionOperation.h */ = {isa = PBXFileReference; fileEncoding = 4; lastKnownFileType = sourcecode.c.h; path = AFURLConnectionOperation.h; sourceTree = "<group>"; };
		12BDAA96182F0D2500A61194 /* AFURLConnectionOperation.m */ = {isa = PBXFileReference; fileEncoding = 4; lastKnownFileType = sourcecode.c.objc; path = AFURLConnectionOperation.m; sourceTree = "<group>"; };
		12BDAA97182F0D2500A61194 /* AFURLRequestSerialization.h */ = {isa = PBXFileReference; fileEncoding = 4; lastKnownFileType = sourcecode.c.h; path = AFURLRequestSerialization.h; sourceTree = "<group>"; };
		12BDAA98182F0D2500A61194 /* AFURLRequestSerialization.m */ = {isa = PBXFileReference; fileEncoding = 4; lastKnownFileType = sourcecode.c.objc; path = AFURLRequestSerialization.m; sourceTree = "<group>"; };
		12BDAA99182F0D2500A61194 /* AFURLResponseSerialization.h */ = {isa = PBXFileReference; fileEncoding = 4; lastKnownFileType = sourcecode.c.h; path = AFURLResponseSerialization.h; sourceTree = "<group>"; };
		12BDAA9A182F0D2500A61194 /* AFURLResponseSerialization.m */ = {isa = PBXFileReference; fileEncoding = 4; lastKnownFileType = sourcecode.c.objc; path = AFURLResponseSerialization.m; sourceTree = "<group>"; };
		12BDAA9B182F0D2500A61194 /* AFURLSessionManager.h */ = {isa = PBXFileReference; fileEncoding = 4; lastKnownFileType = sourcecode.c.h; path = AFURLSessionManager.h; sourceTree = "<group>"; };
		12BDAA9C182F0D2500A61194 /* AFURLSessionManager.m */ = {isa = PBXFileReference; fileEncoding = 4; lastKnownFileType = sourcecode.c.objc; path = AFURLSessionManager.m; sourceTree = "<group>"; };
		12BDAAA7182F0D2E00A61194 /* AFNetworkActivityIndicatorManager.h */ = {isa = PBXFileReference; fileEncoding = 4; lastKnownFileType = sourcecode.c.h; path = AFNetworkActivityIndicatorManager.h; sourceTree = "<group>"; };
		12BDAAA8182F0D2E00A61194 /* AFNetworkActivityIndicatorManager.m */ = {isa = PBXFileReference; fileEncoding = 4; lastKnownFileType = sourcecode.c.objc; path = AFNetworkActivityIndicatorManager.m; sourceTree = "<group>"; };
		12BDAAA9182F0D2E00A61194 /* UIActivityIndicatorView+AFNetworking.h */ = {isa = PBXFileReference; fileEncoding = 4; lastKnownFileType = sourcecode.c.h; path = "UIActivityIndicatorView+AFNetworking.h"; sourceTree = "<group>"; };
		12BDAAAA182F0D2E00A61194 /* UIActivityIndicatorView+AFNetworking.m */ = {isa = PBXFileReference; fileEncoding = 4; lastKnownFileType = sourcecode.c.objc; path = "UIActivityIndicatorView+AFNetworking.m"; sourceTree = "<group>"; };
		12BDAAAB182F0D2E00A61194 /* UIAlertView+AFNetworking.h */ = {isa = PBXFileReference; fileEncoding = 4; lastKnownFileType = sourcecode.c.h; path = "UIAlertView+AFNetworking.h"; sourceTree = "<group>"; };
		12BDAAAC182F0D2E00A61194 /* UIAlertView+AFNetworking.m */ = {isa = PBXFileReference; fileEncoding = 4; lastKnownFileType = sourcecode.c.objc; path = "UIAlertView+AFNetworking.m"; sourceTree = "<group>"; };
		12BDAAAD182F0D2E00A61194 /* UIButton+AFNetworking.h */ = {isa = PBXFileReference; fileEncoding = 4; lastKnownFileType = sourcecode.c.h; path = "UIButton+AFNetworking.h"; sourceTree = "<group>"; };
		12BDAAAE182F0D2E00A61194 /* UIButton+AFNetworking.m */ = {isa = PBXFileReference; fileEncoding = 4; lastKnownFileType = sourcecode.c.objc; path = "UIButton+AFNetworking.m"; sourceTree = "<group>"; };
		12BDAAAF182F0D2E00A61194 /* UIImageView+AFNetworking.h */ = {isa = PBXFileReference; fileEncoding = 4; lastKnownFileType = sourcecode.c.h; path = "UIImageView+AFNetworking.h"; sourceTree = "<group>"; };
		12BDAAB0182F0D2E00A61194 /* UIImageView+AFNetworking.m */ = {isa = PBXFileReference; fileEncoding = 4; lastKnownFileType = sourcecode.c.objc; path = "UIImageView+AFNetworking.m"; sourceTree = "<group>"; };
		12BDAAB1182F0D2E00A61194 /* UIKit+AFNetworking.h */ = {isa = PBXFileReference; fileEncoding = 4; lastKnownFileType = sourcecode.c.h; path = "UIKit+AFNetworking.h"; sourceTree = "<group>"; };
		12BDAAB2182F0D2E00A61194 /* UIProgressView+AFNetworking.h */ = {isa = PBXFileReference; fileEncoding = 4; lastKnownFileType = sourcecode.c.h; path = "UIProgressView+AFNetworking.h"; sourceTree = "<group>"; };
		12BDAAB3182F0D2E00A61194 /* UIProgressView+AFNetworking.m */ = {isa = PBXFileReference; fileEncoding = 4; lastKnownFileType = sourcecode.c.objc; path = "UIProgressView+AFNetworking.m"; sourceTree = "<group>"; };
		12BDAAB4182F0D2E00A61194 /* UIWebView+AFNetworking.h */ = {isa = PBXFileReference; fileEncoding = 4; lastKnownFileType = sourcecode.c.h; path = "UIWebView+AFNetworking.h"; sourceTree = "<group>"; };
		12BDAAB5182F0D2E00A61194 /* UIWebView+AFNetworking.m */ = {isa = PBXFileReference; fileEncoding = 4; lastKnownFileType = sourcecode.c.objc; path = "UIWebView+AFNetworking.m"; sourceTree = "<group>"; };
		12BDAABD182F105B00A61194 /* Config.h */ = {isa = PBXFileReference; fileEncoding = 4; lastKnownFileType = sourcecode.c.h; path = Config.h; sourceTree = "<group>"; };
		12BDAABF182F141700A61194 /* ActivityType.h */ = {isa = PBXFileReference; fileEncoding = 4; lastKnownFileType = sourcecode.c.h; path = ActivityType.h; sourceTree = "<group>"; };
		12BDAAC0182F141700A61194 /* ActivityType.m */ = {isa = PBXFileReference; fileEncoding = 4; lastKnownFileType = sourcecode.c.objc; path = ActivityType.m; sourceTree = "<group>"; };
		12BDAAC2182F143300A61194 /* Activity.h */ = {isa = PBXFileReference; fileEncoding = 4; lastKnownFileType = sourcecode.c.h; path = Activity.h; sourceTree = "<group>"; };
		12BDAAC3182F143300A61194 /* Activity.m */ = {isa = PBXFileReference; fileEncoding = 4; lastKnownFileType = sourcecode.c.objc; path = Activity.m; sourceTree = "<group>"; };
		12BDAAC5182F144000A61194 /* User.h */ = {isa = PBXFileReference; fileEncoding = 4; lastKnownFileType = sourcecode.c.h; path = User.h; sourceTree = "<group>"; };
		12BDAAC6182F144000A61194 /* User.m */ = {isa = PBXFileReference; fileEncoding = 4; lastKnownFileType = sourcecode.c.objc; path = User.m; sourceTree = "<group>"; };
		12BDAACB182F170F00A61194 /* AFAppDotNetAPIClient.h */ = {isa = PBXFileReference; fileEncoding = 4; lastKnownFileType = sourcecode.c.h; path = AFAppDotNetAPIClient.h; sourceTree = "<group>"; };
		12BDAACC182F170F00A61194 /* AFAppDotNetAPIClient.m */ = {isa = PBXFileReference; fileEncoding = 4; lastKnownFileType = sourcecode.c.objc; path = AFAppDotNetAPIClient.m; sourceTree = "<group>"; };
		12BDAACE182F38F600A61194 /* type1.png */ = {isa = PBXFileReference; lastKnownFileType = image.png; path = type1.png; sourceTree = "<group>"; };
		12BDAACF182F38F600A61194 /* type1@2x.png */ = {isa = PBXFileReference; lastKnownFileType = image.png; path = "type1@2x.png"; sourceTree = "<group>"; };
		12BDAAD0182F38F600A61194 /* type2.png */ = {isa = PBXFileReference; lastKnownFileType = image.png; path = type2.png; sourceTree = "<group>"; };
		12BDAAD1182F38F600A61194 /* type2@2x.png */ = {isa = PBXFileReference; lastKnownFileType = image.png; path = "type2@2x.png"; sourceTree = "<group>"; };
		12BDAAD2182F38F600A61194 /* type3.png */ = {isa = PBXFileReference; lastKnownFileType = image.png; path = type3.png; sourceTree = "<group>"; };
		12BDAAD3182F38F600A61194 /* type3@2x.png */ = {isa = PBXFileReference; lastKnownFileType = image.png; path = "type3@2x.png"; sourceTree = "<group>"; };
		12BDAAD4182F38F600A61194 /* type4.png */ = {isa = PBXFileReference; lastKnownFileType = image.png; path = type4.png; sourceTree = "<group>"; };
		12BDAAD5182F38F600A61194 /* type4@2x.png */ = {isa = PBXFileReference; lastKnownFileType = image.png; path = "type4@2x.png"; sourceTree = "<group>"; };
		12BDAAD6182F38F600A61194 /* type5.png */ = {isa = PBXFileReference; lastKnownFileType = image.png; path = type5.png; sourceTree = "<group>"; };
		12BDAAD7182F38F600A61194 /* type5@2x.png */ = {isa = PBXFileReference; lastKnownFileType = image.png; path = "type5@2x.png"; sourceTree = "<group>"; };
		12BDAAD8182F38F600A61194 /* type6.png */ = {isa = PBXFileReference; lastKnownFileType = image.png; path = type6.png; sourceTree = "<group>"; };
		12BDAAD9182F38F600A61194 /* type6@2x.png */ = {isa = PBXFileReference; lastKnownFileType = image.png; path = "type6@2x.png"; sourceTree = "<group>"; };
		12BDAADA182F38F600A61194 /* type7.png */ = {isa = PBXFileReference; lastKnownFileType = image.png; path = type7.png; sourceTree = "<group>"; };
		12BDAADB182F38F600A61194 /* type7@2x.png */ = {isa = PBXFileReference; lastKnownFileType = image.png; path = "type7@2x.png"; sourceTree = "<group>"; };
		12BDAADC182F38F600A61194 /* type8.png */ = {isa = PBXFileReference; lastKnownFileType = image.png; path = type8.png; sourceTree = "<group>"; };
		12BDAADD182F38F600A61194 /* type8@2x.png */ = {isa = PBXFileReference; lastKnownFileType = image.png; path = "type8@2x.png"; sourceTree = "<group>"; };
		12BDAADE182F38F600A61194 /* type9.png */ = {isa = PBXFileReference; lastKnownFileType = image.png; path = type9.png; sourceTree = "<group>"; };
		12BDAADF182F38F600A61194 /* type9@2x.png */ = {isa = PBXFileReference; lastKnownFileType = image.png; path = "type9@2x.png"; sourceTree = "<group>"; };
		12BDAAE0182F38F600A61194 /* type10.png */ = {isa = PBXFileReference; lastKnownFileType = image.png; path = type10.png; sourceTree = "<group>"; };
		12BDAAE1182F38F600A61194 /* type10@2x.png */ = {isa = PBXFileReference; lastKnownFileType = image.png; path = "type10@2x.png"; sourceTree = "<group>"; };
		12BDAAE2182F38F600A61194 /* type11.png */ = {isa = PBXFileReference; lastKnownFileType = image.png; path = type11.png; sourceTree = "<group>"; };
		12BDAAE3182F38F600A61194 /* type11@2x.png */ = {isa = PBXFileReference; lastKnownFileType = image.png; path = "type11@2x.png"; sourceTree = "<group>"; };
		12BDAAE4182F38F600A61194 /* type12.png */ = {isa = PBXFileReference; lastKnownFileType = image.png; path = type12.png; sourceTree = "<group>"; };
		12BDAAE5182F38F600A61194 /* type12@2x.png */ = {isa = PBXFileReference; lastKnownFileType = image.png; path = "type12@2x.png"; sourceTree = "<group>"; };
		12BDAAFE182F3CCE00A61194 /* avatar1.png */ = {isa = PBXFileReference; lastKnownFileType = image.png; path = avatar1.png; sourceTree = "<group>"; };
		12BDAAFF182F3CCE00A61194 /* avatar1@2x.png */ = {isa = PBXFileReference; lastKnownFileType = image.png; path = "avatar1@2x.png"; sourceTree = "<group>"; };
		12BDAB00182F3CCE00A61194 /* avatar2.png */ = {isa = PBXFileReference; lastKnownFileType = image.png; path = avatar2.png; sourceTree = "<group>"; };
		12BDAB01182F3CCE00A61194 /* avatar2@2x.png */ = {isa = PBXFileReference; lastKnownFileType = image.png; path = "avatar2@2x.png"; sourceTree = "<group>"; };
		12BDAB02182F3CCE00A61194 /* avatar3.png */ = {isa = PBXFileReference; lastKnownFileType = image.png; path = avatar3.png; sourceTree = "<group>"; };
		12BDAB03182F3CCE00A61194 /* avatar3@2x.png */ = {isa = PBXFileReference; lastKnownFileType = image.png; path = "avatar3@2x.png"; sourceTree = "<group>"; };
		12BDAB04182F3CCE00A61194 /* avatar4.png */ = {isa = PBXFileReference; lastKnownFileType = image.png; path = avatar4.png; sourceTree = "<group>"; };
		12BDAB05182F3CCE00A61194 /* avatar4@2x.png */ = {isa = PBXFileReference; lastKnownFileType = image.png; path = "avatar4@2x.png"; sourceTree = "<group>"; };
		12BDAB0E182F4C7100A61194 /* ga-outcome.png */ = {isa = PBXFileReference; lastKnownFileType = image.png; path = "ga-outcome.png"; sourceTree = "<group>"; };
		12BDAB10182F539300A61194 /* logo.png */ = {isa = PBXFileReference; lastKnownFileType = image.png; path = logo.png; sourceTree = "<group>"; };
		12D1E1E7182DF7C1003E767E /* GatherBox.app */ = {isa = PBXFileReference; explicitFileType = wrapper.application; includeInIndex = 0; path = GatherBox.app; sourceTree = BUILT_PRODUCTS_DIR; };
		12D1E1EA182DF7C1003E767E /* Foundation.framework */ = {isa = PBXFileReference; lastKnownFileType = wrapper.framework; name = Foundation.framework; path = System/Library/Frameworks/Foundation.framework; sourceTree = SDKROOT; };
		12D1E1EC182DF7C1003E767E /* CoreGraphics.framework */ = {isa = PBXFileReference; lastKnownFileType = wrapper.framework; name = CoreGraphics.framework; path = System/Library/Frameworks/CoreGraphics.framework; sourceTree = SDKROOT; };
		12D1E1EE182DF7C1003E767E /* UIKit.framework */ = {isa = PBXFileReference; lastKnownFileType = wrapper.framework; name = UIKit.framework; path = System/Library/Frameworks/UIKit.framework; sourceTree = SDKROOT; };
		12D1E1F2182DF7C1003E767E /* GatherBox-Info.plist */ = {isa = PBXFileReference; lastKnownFileType = text.plist.xml; path = "GatherBox-Info.plist"; sourceTree = "<group>"; };
		12D1E1F4182DF7C1003E767E /* en */ = {isa = PBXFileReference; lastKnownFileType = text.plist.strings; name = en; path = en.lproj/InfoPlist.strings; sourceTree = "<group>"; };
		12D1E1F6182DF7C1003E767E /* main.m */ = {isa = PBXFileReference; lastKnownFileType = sourcecode.c.objc; path = main.m; sourceTree = "<group>"; };
		12D1E1F8182DF7C1003E767E /* GatherBox-Prefix.pch */ = {isa = PBXFileReference; lastKnownFileType = sourcecode.c.h; path = "GatherBox-Prefix.pch"; sourceTree = "<group>"; };
		12D1E1F9182DF7C1003E767E /* AppDelegate.h */ = {isa = PBXFileReference; lastKnownFileType = sourcecode.c.h; path = AppDelegate.h; sourceTree = "<group>"; };
		12D1E1FA182DF7C1003E767E /* AppDelegate.m */ = {isa = PBXFileReference; lastKnownFileType = sourcecode.c.objc; path = AppDelegate.m; sourceTree = "<group>"; };
		12D1E1FD182DF7C1003E767E /* Base */ = {isa = PBXFileReference; lastKnownFileType = file.storyboard; name = Base; path = Base.lproj/Main_iPhone.storyboard; sourceTree = "<group>"; };
		12D1E200182DF7C1003E767E /* Base */ = {isa = PBXFileReference; lastKnownFileType = file.storyboard; name = Base; path = Base.lproj/Main_iPad.storyboard; sourceTree = "<group>"; };
		12D1E202182DF7C1003E767E /* ViewController.h */ = {isa = PBXFileReference; lastKnownFileType = sourcecode.c.h; path = ViewController.h; sourceTree = "<group>"; };
		12D1E203182DF7C1003E767E /* ViewController.m */ = {isa = PBXFileReference; lastKnownFileType = sourcecode.c.objc; path = ViewController.m; sourceTree = "<group>"; };
		12D1E205182DF7C1003E767E /* Images.xcassets */ = {isa = PBXFileReference; lastKnownFileType = folder.assetcatalog; path = Images.xcassets; sourceTree = "<group>"; };
		12D1E20B182DF7C1003E767E /* GatherBoxTests.xctest */ = {isa = PBXFileReference; explicitFileType = wrapper.cfbundle; includeInIndex = 0; path = GatherBoxTests.xctest; sourceTree = BUILT_PRODUCTS_DIR; };
		12D1E20C182DF7C1003E767E /* XCTest.framework */ = {isa = PBXFileReference; lastKnownFileType = wrapper.framework; name = XCTest.framework; path = Library/Frameworks/XCTest.framework; sourceTree = DEVELOPER_DIR; };
		12D1E214182DF7C1003E767E /* GatherBoxTests-Info.plist */ = {isa = PBXFileReference; lastKnownFileType = text.plist.xml; path = "GatherBoxTests-Info.plist"; sourceTree = "<group>"; };
		12D1E216182DF7C1003E767E /* en */ = {isa = PBXFileReference; lastKnownFileType = text.plist.strings; name = en; path = en.lproj/InfoPlist.strings; sourceTree = "<group>"; };
		12D1E218182DF7C1003E767E /* GatherBoxTests.m */ = {isa = PBXFileReference; lastKnownFileType = sourcecode.c.objc; path = GatherBoxTests.m; sourceTree = "<group>"; };
		12D1E222182DF86B003E767E /* ImageViewCell.h */ = {isa = PBXFileReference; fileEncoding = 4; lastKnownFileType = sourcecode.c.h; path = ImageViewCell.h; sourceTree = "<group>"; };
		12D1E223182DF86B003E767E /* ImageViewCell.m */ = {isa = PBXFileReference; fileEncoding = 4; lastKnownFileType = sourcecode.c.objc; path = ImageViewCell.m; sourceTree = "<group>"; };
		12D1E228182DF98D003E767E /* Cell.png */ = {isa = PBXFileReference; lastKnownFileType = image.png; path = Cell.png; sourceTree = "<group>"; };
		12D1E25E182E1112003E767E /* CreateVoteViewController.h */ = {isa = PBXFileReference; fileEncoding = 4; lastKnownFileType = sourcecode.c.h; path = CreateVoteViewController.h; sourceTree = "<group>"; };
		12D1E25F182E1112003E767E /* CreateVoteViewController.m */ = {isa = PBXFileReference; fileEncoding = 4; lastKnownFileType = sourcecode.c.objc; path = CreateVoteViewController.m; sourceTree = "<group>"; };
		12D1E262182E1493003E767E /* EIImagePickerDelegate.h */ = {isa = PBXFileReference; fileEncoding = 4; lastKnownFileType = sourcecode.c.h; path = EIImagePickerDelegate.h; sourceTree = "<group>"; };
		12D1E263182E1493003E767E /* EIImagePickerDelegate.m */ = {isa = PBXFileReference; fileEncoding = 4; lastKnownFileType = sourcecode.c.objc; path = EIImagePickerDelegate.m; sourceTree = "<group>"; };
		12D1E264182E1493003E767E /* EIOperationManager.h */ = {isa = PBXFileReference; fileEncoding = 4; lastKnownFileType = sourcecode.c.h; path = EIOperationManager.h; sourceTree = "<group>"; };
		12D1E265182E1493003E767E /* EIOperationManager.m */ = {isa = PBXFileReference; fileEncoding = 4; lastKnownFileType = sourcecode.c.objc; path = EIOperationManager.m; sourceTree = "<group>"; };
		12D1E266182E1493003E767E /* EssentialImager.h */ = {isa = PBXFileReference; fileEncoding = 4; lastKnownFileType = sourcecode.c.h; path = EssentialImager.h; sourceTree = "<group>"; };
		12D1E267182E1493003E767E /* NSData+Storage.h */ = {isa = PBXFileReference; fileEncoding = 4; lastKnownFileType = sourcecode.c.h; path = "NSData+Storage.h"; sourceTree = "<group>"; };
		12D1E268182E1493003E767E /* NSData+Storage.m */ = {isa = PBXFileReference; fileEncoding = 4; lastKnownFileType = sourcecode.c.objc; path = "NSData+Storage.m"; sourceTree = "<group>"; };
		12D1E26A182E1493003E767E /* StandardPaths.h */ = {isa = PBXFileReference; fileEncoding = 4; lastKnownFileType = sourcecode.c.h; path = StandardPaths.h; sourceTree = "<group>"; };
		12D1E26B182E1493003E767E /* StandardPaths.m */ = {isa = PBXFileReference; fileEncoding = 4; lastKnownFileType = sourcecode.c.objc; path = StandardPaths.m; sourceTree = "<group>"; };
		12D1E26C182E1493003E767E /* UIImage+Resize.h */ = {isa = PBXFileReference; fileEncoding = 4; lastKnownFileType = sourcecode.c.h; path = "UIImage+Resize.h"; sourceTree = "<group>"; };
		12D1E26D182E1493003E767E /* UIImage+Resize.m */ = {isa = PBXFileReference; fileEncoding = 4; lastKnownFileType = sourcecode.c.objc; path = "UIImage+Resize.m"; sourceTree = "<group>"; };
		12D1E273182E18EE003E767E /* plus_icon.png */ = {isa = PBXFileReference; lastKnownFileType = image.png; path = plus_icon.png; sourceTree = "<group>"; };
		12D1E275182E1B8F003E767E /* QuartzCore.framework */ = {isa = PBXFileReference; lastKnownFileType = wrapper.framework; name = QuartzCore.framework; path = System/Library/Frameworks/QuartzCore.framework; sourceTree = SDKROOT; };
		12D1E277182E1CC6003E767E /* boy.png */ = {isa = PBXFileReference; lastKnownFileType = image.png; path = boy.png; sourceTree = "<group>"; };
		12D1E27C182E209E003E767E /* CategoryView.h */ = {isa = PBXFileReference; fileEncoding = 4; lastKnownFileType = sourcecode.c.h; path = CategoryView.h; sourceTree = "<group>"; };
		12D1E27D182E209E003E767E /* CategoryView.m */ = {isa = PBXFileReference; fileEncoding = 4; lastKnownFileType = sourcecode.c.objc; path = CategoryView.m; sourceTree = "<group>"; };
		12D1E280182E2D7C003E767E /* UIImage+ImageEffects.h */ = {isa = PBXFileReference; fileEncoding = 4; lastKnownFileType = sourcecode.c.h; path = "UIImage+ImageEffects.h"; sourceTree = "<group>"; };
		12D1E281182E2D7C003E767E /* UIImage+ImageEffects.m */ = {isa = PBXFileReference; fileEncoding = 4; lastKnownFileType = sourcecode.c.objc; path = "UIImage+ImageEffects.m"; sourceTree = "<group>"; };
		12D1E282182E2D7C003E767E /* UINavigationController+MHDismissModalView.h */ = {isa = PBXFileReference; fileEncoding = 4; lastKnownFileType = sourcecode.c.h; path = "UINavigationController+MHDismissModalView.h"; sourceTree = "<group>"; };
		12D1E283182E2D7C003E767E /* UINavigationController+MHDismissModalView.m */ = {isa = PBXFileReference; fileEncoding = 4; lastKnownFileType = sourcecode.c.objc; path = "UINavigationController+MHDismissModalView.m"; sourceTree = "<group>"; };
		12D1E286182E2F33003E767E /* AddFriendsViewController.h */ = {isa = PBXFileReference; fileEncoding = 4; lastKnownFileType = sourcecode.c.h; path = AddFriendsViewController.h; sourceTree = "<group>"; };
		12D1E287182E2F33003E767E /* AddFriendsViewController.m */ = {isa = PBXFileReference; fileEncoding = 4; lastKnownFileType = sourcecode.c.objc; path = AddFriendsViewController.m; sourceTree = "<group>"; };
		12D1E28C182E429F003E767E /* add.png */ = {isa = PBXFileReference; lastKnownFileType = image.png; path = add.png; sourceTree = "<group>"; };
		12D1E28D182E429F003E767E /* add@2x.png */ = {isa = PBXFileReference; lastKnownFileType = image.png; path = "add@2x.png"; sourceTree = "<group>"; };
		12D1E28E182E429F003E767E /* arrow-left.png */ = {isa = PBXFileReference; lastKnownFileType = image.png; path = "arrow-left.png"; sourceTree = "<group>"; };
		12D1E28F182E429F003E767E /* arrow-left@2x.png */ = {isa = PBXFileReference; lastKnownFileType = image.png; path = "arrow-left@2x.png"; sourceTree = "<group>"; };
		12D1E290182E429F003E767E /* arrow-right.png */ = {isa = PBXFileReference; lastKnownFileType = image.png; path = "arrow-right.png"; sourceTree = "<group>"; };
		12D1E291182E429F003E767E /* arrow-right@2x.png */ = {isa = PBXFileReference; lastKnownFileType = image.png; path = "arrow-right@2x.png"; sourceTree = "<group>"; };
		12D1E292182E429F003E767E /* date-container.png */ = {isa = PBXFileReference; lastKnownFileType = image.png; path = "date-container.png"; sourceTree = "<group>"; };
		12D1E293182E429F003E767E /* date-container@2x.png */ = {isa = PBXFileReference; lastKnownFileType = image.png; path = "date-container@2x.png"; sourceTree = "<group>"; };
		12D1E294182E429F003E767E /* image-holder-tick.png */ = {isa = PBXFileReference; lastKnownFileType = image.png; path = "image-holder-tick.png"; sourceTree = "<group>"; };
		12D1E295182E429F003E767E /* image-holder.png */ = {isa = PBXFileReference; lastKnownFileType = image.png; path = "image-holder.png"; sourceTree = "<group>"; };
		12D1E296182E429F003E767E /* Input.png */ = {isa = PBXFileReference; lastKnownFileType = image.png; path = Input.png; sourceTree = "<group>"; };
		12D1E297182E429F003E767E /* Input@2x.png */ = {isa = PBXFileReference; lastKnownFileType = image.png; path = "Input@2x.png"; sourceTree = "<group>"; };
		12D1E298182E429F003E767E /* step1.png */ = {isa = PBXFileReference; lastKnownFileType = image.png; path = step1.png; sourceTree = "<group>"; };
		12D1E299182E429F003E767E /* step1@2x.png */ = {isa = PBXFileReference; lastKnownFileType = image.png; path = "step1@2x.png"; sourceTree = "<group>"; };
		12D1E29A182E429F003E767E /* step2.png */ = {isa = PBXFileReference; lastKnownFileType = image.png; path = step2.png; sourceTree = "<group>"; };
		12D1E29B182E429F003E767E /* step2@2x.png */ = {isa = PBXFileReference; lastKnownFileType = image.png; path = "step2@2x.png"; sourceTree = "<group>"; };
		12D1E29C182E429F003E767E /* step3.png */ = {isa = PBXFileReference; lastKnownFileType = image.png; path = step3.png; sourceTree = "<group>"; };
		12D1E29D182E429F003E767E /* step3@2x.png */ = {isa = PBXFileReference; lastKnownFileType = image.png; path = "step3@2x.png"; sourceTree = "<group>"; };
		12D1E2B2182E46BF003E767E /* CalendarView.xib */ = {isa = PBXFileReference; fileEncoding = 4; lastKnownFileType = file.xib; path = CalendarView.xib; sourceTree = "<group>"; };
		12D1E2B4182E48BE003E767E /* CalendarViewItem.h */ = {isa = PBXFileReference; fileEncoding = 4; lastKnownFileType = sourcecode.c.h; path = CalendarViewItem.h; sourceTree = "<group>"; };
		12D1E2B5182E48BE003E767E /* CalendarViewItem.m */ = {isa = PBXFileReference; fileEncoding = 4; lastKnownFileType = sourcecode.c.objc; path = CalendarViewItem.m; sourceTree = "<group>"; };
		12D1E2B7182E4EDA003E767E /* bullet-selected.png */ = {isa = PBXFileReference; lastKnownFileType = image.png; path = "bullet-selected.png"; sourceTree = "<group>"; };
		12D1E2B8182E4EDA003E767E /* bullet-selected@2x.png */ = {isa = PBXFileReference; lastKnownFileType = image.png; path = "bullet-selected@2x.png"; sourceTree = "<group>"; };
		12D1E2B9182E4EDA003E767E /* bullet.png */ = {isa = PBXFileReference; lastKnownFileType = image.png; path = bullet.png; sourceTree = "<group>"; };
		12D1E2BA182E4EDA003E767E /* bullet@2x.png */ = {isa = PBXFileReference; lastKnownFileType = image.png; path = "bullet@2x.png"; sourceTree = "<group>"; };
		12D1E2BB182E4EDA003E767E /* line.png */ = {isa = PBXFileReference; lastKnownFileType = image.png; path = line.png; sourceTree = "<group>"; };
		12D1E2BC182E4EDA003E767E /* line@2x.png */ = {isa = PBXFileReference; lastKnownFileType = image.png; path = "line@2x.png"; sourceTree = "<group>"; };
		12D1E2BD182E4EDA003E767E /* step1-selected.png */ = {isa = PBXFileReference; lastKnownFileType = image.png; path = "step1-selected.png"; sourceTree = "<group>"; };
		12D1E2BE182E4EDA003E767E /* step1-selected@2x.png */ = {isa = PBXFileReference; lastKnownFileType = image.png; path = "step1-selected@2x.png"; sourceTree = "<group>"; };
		12D1E2BF182E4EDA003E767E /* step2-selected.png */ = {isa = PBXFileReference; lastKnownFileType = image.png; path = "step2-selected.png"; sourceTree = "<group>"; };
		12D1E2C0182E4EDA003E767E /* step2-selected@2x.png */ = {isa = PBXFileReference; lastKnownFileType = image.png; path = "step2-selected@2x.png"; sourceTree = "<group>"; };
		12D1E2C1182E4EDA003E767E /* step3-selected.png */ = {isa = PBXFileReference; lastKnownFileType = image.png; path = "step3-selected.png"; sourceTree = "<group>"; };
		12D1E2C2182E4EDA003E767E /* step3-selected@2x.png */ = {isa = PBXFileReference; lastKnownFileType = image.png; path = "step3-selected@2x.png"; sourceTree = "<group>"; };
		12D1E2CF182E6047003E767E /* ChooseDateTimeView.h */ = {isa = PBXFileReference; fileEncoding = 4; lastKnownFileType = sourcecode.c.h; path = ChooseDateTimeView.h; sourceTree = "<group>"; };
		12D1E2D0182E6047003E767E /* ChooseDateTimeView.m */ = {isa = PBXFileReference; fileEncoding = 4; lastKnownFileType = sourcecode.c.objc; path = ChooseDateTimeView.m; sourceTree = "<group>"; };
		12D1E2D4182E682E003E767E /* CategoryItem.xib */ = {isa = PBXFileReference; fileEncoding = 4; lastKnownFileType = file.xib; path = CategoryItem.xib; sourceTree = "<group>"; };
		12D1E2D6182E68C3003E767E /* CategoryItem.h */ = {isa = PBXFileReference; fileEncoding = 4; lastKnownFileType = sourcecode.c.h; path = CategoryItem.h; sourceTree = "<group>"; };
		12D1E2D7182E68C3003E767E /* CategoryItem.m */ = {isa = PBXFileReference; fileEncoding = 4; lastKnownFileType = sourcecode.c.objc; path = CategoryItem.m; sourceTree = "<group>"; };
/* End PBXFileReference section */

/* Begin PBXFrameworksBuildPhase section */
		12D1E1E4182DF7C1003E767E /* Frameworks */ = {
			isa = PBXFrameworksBuildPhase;
			buildActionMask = 2147483647;
			files = (
				12D1E276182E1B8F003E767E /* QuartzCore.framework in Frameworks */,
				12D1E1ED182DF7C1003E767E /* CoreGraphics.framework in Frameworks */,
				12D1E1EF182DF7C1003E767E /* UIKit.framework in Frameworks */,
				12D1E1EB182DF7C1003E767E /* Foundation.framework in Frameworks */,
			);
			runOnlyForDeploymentPostprocessing = 0;
		};
		12D1E208182DF7C1003E767E /* Frameworks */ = {
			isa = PBXFrameworksBuildPhase;
			buildActionMask = 2147483647;
			files = (
				12D1E20D182DF7C1003E767E /* XCTest.framework in Frameworks */,
				12D1E20F182DF7C1003E767E /* UIKit.framework in Frameworks */,
				12D1E20E182DF7C1003E767E /* Foundation.framework in Frameworks */,
			);
			runOnlyForDeploymentPostprocessing = 0;
		};
/* End PBXFrameworksBuildPhase section */

/* Begin PBXGroup section */
		12BDAA89182F0D2500A61194 /* AFNetworking */ = {
			isa = PBXGroup;
			children = (
				12BDAA8A182F0D2500A61194 /* AFHTTPRequestOperation.h */,
				12BDAA8B182F0D2500A61194 /* AFHTTPRequestOperation.m */,
				12BDAA8C182F0D2500A61194 /* AFHTTPRequestOperationManager.h */,
				12BDAA8D182F0D2500A61194 /* AFHTTPRequestOperationManager.m */,
				12BDAA8E182F0D2500A61194 /* AFHTTPSessionManager.h */,
				12BDAA8F182F0D2500A61194 /* AFHTTPSessionManager.m */,
				12BDAA90182F0D2500A61194 /* AFNetworking.h */,
				12BDAA91182F0D2500A61194 /* AFNetworkReachabilityManager.h */,
				12BDAA92182F0D2500A61194 /* AFNetworkReachabilityManager.m */,
				12BDAA93182F0D2500A61194 /* AFSecurityPolicy.h */,
				12BDAA94182F0D2500A61194 /* AFSecurityPolicy.m */,
				12BDAA95182F0D2500A61194 /* AFURLConnectionOperation.h */,
				12BDAA96182F0D2500A61194 /* AFURLConnectionOperation.m */,
				12BDAA97182F0D2500A61194 /* AFURLRequestSerialization.h */,
				12BDAA98182F0D2500A61194 /* AFURLRequestSerialization.m */,
				12BDAA99182F0D2500A61194 /* AFURLResponseSerialization.h */,
				12BDAA9A182F0D2500A61194 /* AFURLResponseSerialization.m */,
				12BDAA9B182F0D2500A61194 /* AFURLSessionManager.h */,
				12BDAA9C182F0D2500A61194 /* AFURLSessionManager.m */,
			);
			path = AFNetworking;
			sourceTree = "<group>";
		};
		12BDAAA6182F0D2E00A61194 /* UIKit+AFNetworking */ = {
			isa = PBXGroup;
			children = (
				12BDAAA7182F0D2E00A61194 /* AFNetworkActivityIndicatorManager.h */,
				12BDAAA8182F0D2E00A61194 /* AFNetworkActivityIndicatorManager.m */,
				12BDAAA9182F0D2E00A61194 /* UIActivityIndicatorView+AFNetworking.h */,
				12BDAAAA182F0D2E00A61194 /* UIActivityIndicatorView+AFNetworking.m */,
				12BDAAAB182F0D2E00A61194 /* UIAlertView+AFNetworking.h */,
				12BDAAAC182F0D2E00A61194 /* UIAlertView+AFNetworking.m */,
				12BDAAAD182F0D2E00A61194 /* UIButton+AFNetworking.h */,
				12BDAAAE182F0D2E00A61194 /* UIButton+AFNetworking.m */,
				12BDAAAF182F0D2E00A61194 /* UIImageView+AFNetworking.h */,
				12BDAAB0182F0D2E00A61194 /* UIImageView+AFNetworking.m */,
				12BDAAB1182F0D2E00A61194 /* UIKit+AFNetworking.h */,
				12BDAAB2182F0D2E00A61194 /* UIProgressView+AFNetworking.h */,
				12BDAAB3182F0D2E00A61194 /* UIProgressView+AFNetworking.m */,
				12BDAAB4182F0D2E00A61194 /* UIWebView+AFNetworking.h */,
				12BDAAB5182F0D2E00A61194 /* UIWebView+AFNetworking.m */,
			);
			path = "UIKit+AFNetworking";
			sourceTree = "<group>";
		};
		12BDAABE182F13BC00A61194 /* Models */ = {
			isa = PBXGroup;
			children = (
				12BDAABF182F141700A61194 /* ActivityType.h */,
				12BDAAC0182F141700A61194 /* ActivityType.m */,
				12BDAAC2182F143300A61194 /* Activity.h */,
				12BDAAC3182F143300A61194 /* Activity.m */,
				12BDAAC5182F144000A61194 /* User.h */,
				12BDAAC6182F144000A61194 /* User.m */,
			);
			name = Models;
			sourceTree = "<group>";
		};
		12D1E1DE182DF7C1003E767E = {
			isa = PBXGroup;
			children = (
				12D1E1F0182DF7C1003E767E /* GatherBox */,
				12D1E212182DF7C1003E767E /* GatherBoxTests */,
				12D1E1E9182DF7C1003E767E /* Frameworks */,
				12D1E1E8182DF7C1003E767E /* Products */,
			);
			sourceTree = "<group>";
		};
		12D1E1E8182DF7C1003E767E /* Products */ = {
			isa = PBXGroup;
			children = (
				12D1E1E7182DF7C1003E767E /* GatherBox.app */,
				12D1E20B182DF7C1003E767E /* GatherBoxTests.xctest */,
			);
			name = Products;
			sourceTree = "<group>";
		};
		12D1E1E9182DF7C1003E767E /* Frameworks */ = {
			isa = PBXGroup;
			children = (
				12D1E275182E1B8F003E767E /* QuartzCore.framework */,
				12D1E1EA182DF7C1003E767E /* Foundation.framework */,
				12D1E1EC182DF7C1003E767E /* CoreGraphics.framework */,
				12D1E1EE182DF7C1003E767E /* UIKit.framework */,
				12D1E20C182DF7C1003E767E /* XCTest.framework */,
			);
			name = Frameworks;
			sourceTree = "<group>";
		};
		12D1E1F0182DF7C1003E767E /* GatherBox */ = {
			isa = PBXGroup;
			children = (
				12BDAAA6182F0D2E00A61194 /* UIKit+AFNetworking */,
				12BDAA89182F0D2500A61194 /* AFNetworking */,
				12D1E27F182E2D7C003E767E /* PushControllers */,
				12D1E261182E1493003E767E /* EssentialImager */,
				12BDAABE182F13BC00A61194 /* Models */,
				12D1E223182DF86B003E767E /* ImageViewCell.m */,
				12D1E222182DF86B003E767E /* ImageViewCell.h */,
				12D1E1F9182DF7C1003E767E /* AppDelegate.h */,
				12D1E1FA182DF7C1003E767E /* AppDelegate.m */,
				12D1E1FC182DF7C1003E767E /* Main_iPhone.storyboard */,
				12D1E1FF182DF7C1003E767E /* Main_iPad.storyboard */,
				12BDAACB182F170F00A61194 /* AFAppDotNetAPIClient.h */,
				12BDAACC182F170F00A61194 /* AFAppDotNetAPIClient.m */,
				12D1E202182DF7C1003E767E /* ViewController.h */,
				12D1E203182DF7C1003E767E /* ViewController.m */,
				12D1E205182DF7C1003E767E /* Images.xcassets */,
				12D1E1F1182DF7C1003E767E /* Supporting Files */,
				12D1E25E182E1112003E767E /* CreateVoteViewController.h */,
				12D1E25F182E1112003E767E /* CreateVoteViewController.m */,
				12BDAA63182EA0C400A61194 /* DashboardViewController.h */,
				12BDAA64182EA0C400A61194 /* DashboardViewController.m */,
				12BDAA66182EA68700A61194 /* VotingViewController.h */,
				12BDAA67182EA68700A61194 /* VotingViewController.m */,
				12BDAA86182EE6A000A61194 /* ViewReportViewController.h */,
				12BDAA87182EE6A000A61194 /* ViewReportViewController.m */,
				12D1E286182E2F33003E767E /* AddFriendsViewController.h */,
				12D1E287182E2F33003E767E /* AddFriendsViewController.m */,
				12D1E2B4182E48BE003E767E /* CalendarViewItem.h */,
				12D1E2B5182E48BE003E767E /* CalendarViewItem.m */,
				12D1E2CF182E6047003E767E /* ChooseDateTimeView.h */,
				12D1E2D0182E6047003E767E /* ChooseDateTimeView.m */,
				12D1E2B2182E46BF003E767E /* CalendarView.xib */,
				12D1E27C182E209E003E767E /* CategoryView.h */,
				12D1E27D182E209E003E767E /* CategoryView.m */,
				12D1E2D4182E682E003E767E /* CategoryItem.xib */,
				12D1E2D6182E68C3003E767E /* CategoryItem.h */,
				12D1E2D7182E68C3003E767E /* CategoryItem.m */,
				12BDAA69182EE0E300A61194 /* ReportItem.xib */,
				12BDAA83182EE48F00A61194 /* ReportItem.h */,
				12BDAA84182EE48F00A61194 /* ReportItem.m */,
				12BDAABD182F105B00A61194 /* Config.h */,
			);
			path = GatherBox;
			sourceTree = "<group>";
		};
		12D1E1F1182DF7C1003E767E /* Supporting Files */ = {
			isa = PBXGroup;
			children = (
				12BDAB10182F539300A61194 /* logo.png */,
				12BDAB0E182F4C7100A61194 /* ga-outcome.png */,
				12BDAAFE182F3CCE00A61194 /* avatar1.png */,
				12BDAAFF182F3CCE00A61194 /* avatar1@2x.png */,
				12BDAB00182F3CCE00A61194 /* avatar2.png */,
				12BDAB01182F3CCE00A61194 /* avatar2@2x.png */,
				12BDAB02182F3CCE00A61194 /* avatar3.png */,
				12BDAB03182F3CCE00A61194 /* avatar3@2x.png */,
				12BDAB04182F3CCE00A61194 /* avatar4.png */,
				12BDAB05182F3CCE00A61194 /* avatar4@2x.png */,
				12BDAACE182F38F600A61194 /* type1.png */,
				12BDAACF182F38F600A61194 /* type1@2x.png */,
				12BDAAD0182F38F600A61194 /* type2.png */,
				12BDAAD1182F38F600A61194 /* type2@2x.png */,
				12BDAAD2182F38F600A61194 /* type3.png */,
				12BDAAD3182F38F600A61194 /* type3@2x.png */,
				12BDAAD4182F38F600A61194 /* type4.png */,
				12BDAAD5182F38F600A61194 /* type4@2x.png */,
				12BDAAD6182F38F600A61194 /* type5.png */,
				12BDAAD7182F38F600A61194 /* type5@2x.png */,
				12BDAAD8182F38F600A61194 /* type6.png */,
				12BDAAD9182F38F600A61194 /* type6@2x.png */,
				12BDAADA182F38F600A61194 /* type7.png */,
				12BDAADB182F38F600A61194 /* type7@2x.png */,
				12BDAADC182F38F600A61194 /* type8.png */,
				12BDAADD182F38F600A61194 /* type8@2x.png */,
				12BDAADE182F38F600A61194 /* type9.png */,
				12BDAADF182F38F600A61194 /* type9@2x.png */,
				12BDAAE0182F38F600A61194 /* type10.png */,
				12BDAAE1182F38F600A61194 /* type10@2x.png */,
				12BDAAE2182F38F600A61194 /* type11.png */,
				12BDAAE3182F38F600A61194 /* type11@2x.png */,
				12BDAAE4182F38F600A61194 /* type12.png */,
				12BDAAE5182F38F600A61194 /* type12@2x.png */,
				12BDAA6B182EE3CD00A61194 /* tick-date@2x.png */,
				12BDAA6C182EE3CD00A61194 /* tick-date.png */,
				12BDAA6D182EE3CD00A61194 /* scroll-bg@2x.png */,
				12BDAA6E182EE3CD00A61194 /* tab@2x.png */,
				12BDAA6F182EE3CD00A61194 /* scroll-bg.png */,
				12BDAA70182EE3CD00A61194 /* tab.png */,
				12BDAA71182EE3CD00A61194 /* green-bg@2x.png */,
				12BDAA72182EE3CD00A61194 /* grey-bg@2x.png */,
				12BDAA73182EE3CD00A61194 /* red-bg@2x.png */,
				12BDAA74182EE3CD00A61194 /* green-bg.png */,
				12BDAA75182EE3CD00A61194 /* grey-bg.png */,
				12BDAA76182EE3CD00A61194 /* red-bg.png */,
				12D1E2B7182E4EDA003E767E /* bullet-selected.png */,
				12D1E2B8182E4EDA003E767E /* bullet-selected@2x.png */,
				12D1E2B9182E4EDA003E767E /* bullet.png */,
				12D1E2BA182E4EDA003E767E /* bullet@2x.png */,
				12D1E2BB182E4EDA003E767E /* line.png */,
				12D1E2BC182E4EDA003E767E /* line@2x.png */,
				12D1E2BD182E4EDA003E767E /* step1-selected.png */,
				12D1E2BE182E4EDA003E767E /* step1-selected@2x.png */,
				12D1E2BF182E4EDA003E767E /* step2-selected.png */,
				12D1E2C0182E4EDA003E767E /* step2-selected@2x.png */,
				12D1E2C1182E4EDA003E767E /* step3-selected.png */,
				12D1E2C2182E4EDA003E767E /* step3-selected@2x.png */,
				12D1E28C182E429F003E767E /* add.png */,
				12D1E28D182E429F003E767E /* add@2x.png */,
				12D1E28E182E429F003E767E /* arrow-left.png */,
				12D1E28F182E429F003E767E /* arrow-left@2x.png */,
				12D1E290182E429F003E767E /* arrow-right.png */,
				12D1E291182E429F003E767E /* arrow-right@2x.png */,
				12D1E292182E429F003E767E /* date-container.png */,
				12D1E293182E429F003E767E /* date-container@2x.png */,
				12D1E294182E429F003E767E /* image-holder-tick.png */,
				12D1E295182E429F003E767E /* image-holder.png */,
				12D1E296182E429F003E767E /* Input.png */,
				12D1E297182E429F003E767E /* Input@2x.png */,
				12D1E298182E429F003E767E /* step1.png */,
				12D1E299182E429F003E767E /* step1@2x.png */,
				12D1E29A182E429F003E767E /* step2.png */,
				12D1E29B182E429F003E767E /* step2@2x.png */,
				12D1E29C182E429F003E767E /* step3.png */,
				12D1E29D182E429F003E767E /* step3@2x.png */,
				12D1E277182E1CC6003E767E /* boy.png */,
				12D1E273182E18EE003E767E /* plus_icon.png */,
				12D1E228182DF98D003E767E /* Cell.png */,
				12D1E1F2182DF7C1003E767E /* GatherBox-Info.plist */,
				12D1E1F3182DF7C1003E767E /* InfoPlist.strings */,
				12D1E1F6182DF7C1003E767E /* main.m */,
				12D1E1F8182DF7C1003E767E /* GatherBox-Prefix.pch */,
			);
			name = "Supporting Files";
			sourceTree = "<group>";
		};
		12D1E212182DF7C1003E767E /* GatherBoxTests */ = {
			isa = PBXGroup;
			children = (
				12D1E218182DF7C1003E767E /* GatherBoxTests.m */,
				12D1E213182DF7C1003E767E /* Supporting Files */,
			);
			path = GatherBoxTests;
			sourceTree = "<group>";
		};
		12D1E213182DF7C1003E767E /* Supporting Files */ = {
			isa = PBXGroup;
			children = (
				12D1E214182DF7C1003E767E /* GatherBoxTests-Info.plist */,
				12D1E215182DF7C1003E767E /* InfoPlist.strings */,
			);
			name = "Supporting Files";
			sourceTree = "<group>";
		};
		12D1E261182E1493003E767E /* EssentialImager */ = {
			isa = PBXGroup;
			children = (
				12D1E262182E1493003E767E /* EIImagePickerDelegate.h */,
				12D1E263182E1493003E767E /* EIImagePickerDelegate.m */,
				12D1E264182E1493003E767E /* EIOperationManager.h */,
				12D1E265182E1493003E767E /* EIOperationManager.m */,
				12D1E266182E1493003E767E /* EssentialImager.h */,
				12D1E267182E1493003E767E /* NSData+Storage.h */,
				12D1E268182E1493003E767E /* NSData+Storage.m */,
				12D1E269182E1493003E767E /* StandardPaths */,
				12D1E26C182E1493003E767E /* UIImage+Resize.h */,
				12D1E26D182E1493003E767E /* UIImage+Resize.m */,
			);
			path = EssentialImager;
			sourceTree = "<group>";
		};
		12D1E269182E1493003E767E /* StandardPaths */ = {
			isa = PBXGroup;
			children = (
				12D1E26A182E1493003E767E /* StandardPaths.h */,
				12D1E26B182E1493003E767E /* StandardPaths.m */,
			);
			path = StandardPaths;
			sourceTree = "<group>";
		};
		12D1E27F182E2D7C003E767E /* PushControllers */ = {
			isa = PBXGroup;
			children = (
				12D1E280182E2D7C003E767E /* UIImage+ImageEffects.h */,
				12D1E281182E2D7C003E767E /* UIImage+ImageEffects.m */,
				12D1E282182E2D7C003E767E /* UINavigationController+MHDismissModalView.h */,
				12D1E283182E2D7C003E767E /* UINavigationController+MHDismissModalView.m */,
			);
			path = PushControllers;
			sourceTree = "<group>";
		};
/* End PBXGroup section */

/* Begin PBXNativeTarget section */
		12D1E1E6182DF7C1003E767E /* GatherBox */ = {
			isa = PBXNativeTarget;
			buildConfigurationList = 12D1E21C182DF7C1003E767E /* Build configuration list for PBXNativeTarget "GatherBox" */;
			buildPhases = (
				12D1E1E3182DF7C1003E767E /* Sources */,
				12D1E1E4182DF7C1003E767E /* Frameworks */,
				12D1E1E5182DF7C1003E767E /* Resources */,
			);
			buildRules = (
			);
			dependencies = (
			);
			name = GatherBox;
			productName = GatherBox;
			productReference = 12D1E1E7182DF7C1003E767E /* GatherBox.app */;
			productType = "com.apple.product-type.application";
		};
		12D1E20A182DF7C1003E767E /* GatherBoxTests */ = {
			isa = PBXNativeTarget;
			buildConfigurationList = 12D1E21F182DF7C1003E767E /* Build configuration list for PBXNativeTarget "GatherBoxTests" */;
			buildPhases = (
				12D1E207182DF7C1003E767E /* Sources */,
				12D1E208182DF7C1003E767E /* Frameworks */,
				12D1E209182DF7C1003E767E /* Resources */,
			);
			buildRules = (
			);
			dependencies = (
				12D1E211182DF7C1003E767E /* PBXTargetDependency */,
			);
			name = GatherBoxTests;
			productName = GatherBoxTests;
			productReference = 12D1E20B182DF7C1003E767E /* GatherBoxTests.xctest */;
			productType = "com.apple.product-type.bundle.unit-test";
		};
/* End PBXNativeTarget section */

/* Begin PBXProject section */
		12D1E1DF182DF7C1003E767E /* Project object */ = {
			isa = PBXProject;
			attributes = {
				LastUpgradeCheck = 0500;
				ORGANIZATIONNAME = "Kaven Feng";
				TargetAttributes = {
					12D1E1E6182DF7C1003E767E = {
						DevelopmentTeam = 66XE799M3H;
					};
					12D1E20A182DF7C1003E767E = {
						TestTargetID = 12D1E1E6182DF7C1003E767E;
					};
				};
			};
			buildConfigurationList = 12D1E1E2182DF7C1003E767E /* Build configuration list for PBXProject "GatherBox" */;
			compatibilityVersion = "Xcode 3.2";
			developmentRegion = English;
			hasScannedForEncodings = 0;
			knownRegions = (
				en,
				Base,
			);
			mainGroup = 12D1E1DE182DF7C1003E767E;
			productRefGroup = 12D1E1E8182DF7C1003E767E /* Products */;
			projectDirPath = "";
			projectRoot = "";
			targets = (
				12D1E1E6182DF7C1003E767E /* GatherBox */,
				12D1E20A182DF7C1003E767E /* GatherBoxTests */,
			);
		};
/* End PBXProject section */

/* Begin PBXResourcesBuildPhase section */
		12D1E1E5182DF7C1003E767E /* Resources */ = {
			isa = PBXResourcesBuildPhase;
			buildActionMask = 2147483647;
			files = (
				12D1E2A5182E429F003E767E /* date-container@2x.png in Resources */,
				12BDAAFA182F38F600A61194 /* type11.png in Resources */,
				12D1E2AA182E429F003E767E /* step1.png in Resources */,
				12BDAAFD182F38F600A61194 /* type12@2x.png in Resources */,
				12D1E2CD182E4EDA003E767E /* step3-selected.png in Resources */,
				12BDAAEC182F38F600A61194 /* type4.png in Resources */,
				12BDAAF3182F38F600A61194 /* type7@2x.png in Resources */,
				12BDAA7F182EE3CD00A61194 /* red-bg@2x.png in Resources */,
				12BDAA77182EE3CD00A61194 /* tick-date@2x.png in Resources */,
				12BDAA7C182EE3CD00A61194 /* tab.png in Resources */,
				12D1E2A9182E429F003E767E /* Input@2x.png in Resources */,
				12D1E2AD182E429F003E767E /* step2@2x.png in Resources */,
				12BDAAF7182F38F600A61194 /* type9@2x.png in Resources */,
				12D1E2B3182E46BF003E767E /* CalendarView.xib in Resources */,
				12D1E2D5182E682E003E767E /* CategoryItem.xib in Resources */,
				12BDAAED182F38F600A61194 /* type4@2x.png in Resources */,
				12BDAA7A182EE3CD00A61194 /* tab@2x.png in Resources */,
				12BDAAE6182F38F600A61194 /* type1.png in Resources */,
				12BDAAE7182F38F600A61194 /* type1@2x.png in Resources */,
				12D1E2CB182E4EDA003E767E /* step2-selected.png in Resources */,
				12D1E2C5182E4EDA003E767E /* bullet.png in Resources */,
				12D1E201182DF7C1003E767E /* Main_iPad.storyboard in Resources */,
				12BDAAF5182F38F600A61194 /* type8@2x.png in Resources */,
				12BDAAE8182F38F600A61194 /* type2.png in Resources */,
				12D1E2A1182E429F003E767E /* arrow-left@2x.png in Resources */,
				12D1E206182DF7C1003E767E /* Images.xcassets in Resources */,
				12D1E229182DF98D003E767E /* Cell.png in Resources */,
				12D1E1FE182DF7C1003E767E /* Main_iPhone.storyboard in Resources */,
				12BDAAE9182F38F600A61194 /* type2@2x.png in Resources */,
				12BDAB0A182F3CCE00A61194 /* avatar3.png in Resources */,
				12BDAB11182F539300A61194 /* logo.png in Resources */,
				12D1E2A8182E429F003E767E /* Input.png in Resources */,
				12D1E2A3182E429F003E767E /* arrow-right@2x.png in Resources */,
				12BDAB06182F3CCE00A61194 /* avatar1.png in Resources */,
				12BDAAF0182F38F600A61194 /* type6.png in Resources */,
				12BDAB0D182F3CCE00A61194 /* avatar4@2x.png in Resources */,
				12D1E2C3182E4EDA003E767E /* bullet-selected.png in Resources */,
				12D1E2C6182E4EDA003E767E /* bullet@2x.png in Resources */,
				12BDAA7B182EE3CD00A61194 /* scroll-bg.png in Resources */,
				12BDAA82182EE3CD00A61194 /* red-bg.png in Resources */,
				12D1E2C7182E4EDA003E767E /* line.png in Resources */,
				12D1E29E182E429F003E767E /* add.png in Resources */,
				12BDAAF1182F38F600A61194 /* type6@2x.png in Resources */,
				12BDAB0B182F3CCE00A61194 /* avatar3@2x.png in Resources */,
				12D1E2A2182E429F003E767E /* arrow-right.png in Resources */,
				12BDAA6A182EE0E300A61194 /* ReportItem.xib in Resources */,
				12BDAA80182EE3CD00A61194 /* green-bg.png in Resources */,
				12BDAB07182F3CCE00A61194 /* avatar1@2x.png in Resources */,
				12BDAB09182F3CCE00A61194 /* avatar2@2x.png in Resources */,
				12D1E2C9182E4EDA003E767E /* step1-selected.png in Resources */,
				12D1E2AC182E429F003E767E /* step2.png in Resources */,
				12BDAA78182EE3CD00A61194 /* tick-date.png in Resources */,
				12BDAAFB182F38F600A61194 /* type11@2x.png in Resources */,
				12BDAB0C182F3CCE00A61194 /* avatar4.png in Resources */,
				12D1E2C8182E4EDA003E767E /* line@2x.png in Resources */,
				12D1E278182E1CC6003E767E /* boy.png in Resources */,
				12BDAA81182EE3CD00A61194 /* grey-bg.png in Resources */,
				12D1E2C4182E4EDA003E767E /* bullet-selected@2x.png in Resources */,
				12BDAB08182F3CCE00A61194 /* avatar2.png in Resources */,
				12D1E2CA182E4EDA003E767E /* step1-selected@2x.png in Resources */,
				12BDAAEA182F38F600A61194 /* type3.png in Resources */,
				12BDAAEB182F38F600A61194 /* type3@2x.png in Resources */,
				12D1E29F182E429F003E767E /* add@2x.png in Resources */,
				12D1E274182E18EE003E767E /* plus_icon.png in Resources */,
				12BDAAF8182F38F600A61194 /* type10.png in Resources */,
				12D1E2AE182E429F003E767E /* step3.png in Resources */,
				12D1E2CC182E4EDA003E767E /* step2-selected@2x.png in Resources */,
				12BDAAEE182F38F600A61194 /* type5.png in Resources */,
				12BDAA79182EE3CD00A61194 /* scroll-bg@2x.png in Resources */,
				12BDAA7E182EE3CD00A61194 /* grey-bg@2x.png in Resources */,
				12D1E2A4182E429F003E767E /* date-container.png in Resources */,
				12BDAAFC182F38F600A61194 /* type12.png in Resources */,
				12D1E2A0182E429F003E767E /* arrow-left.png in Resources */,
				12BDAAF2182F38F600A61194 /* type7.png in Resources */,
				12BDAB0F182F4C7100A61194 /* ga-outcome.png in Resources */,
				12D1E2A7182E429F003E767E /* image-holder.png in Resources */,
				12D1E2AF182E429F003E767E /* step3@2x.png in Resources */,
				12BDAA7D182EE3CD00A61194 /* green-bg@2x.png in Resources */,
				12D1E2A6182E429F003E767E /* image-holder-tick.png in Resources */,
				12BDAAEF182F38F600A61194 /* type5@2x.png in Resources */,
				12D1E2CE182E4EDA003E767E /* step3-selected@2x.png in Resources */,
				12BDAAF4182F38F600A61194 /* type8.png in Resources */,
				12D1E2AB182E429F003E767E /* step1@2x.png in Resources */,
				12BDAAF9182F38F600A61194 /* type10@2x.png in Resources */,
				12D1E1F5182DF7C1003E767E /* InfoPlist.strings in Resources */,
				12BDAAF6182F38F600A61194 /* type9.png in Resources */,
			);
			runOnlyForDeploymentPostprocessing = 0;
		};
		12D1E209182DF7C1003E767E /* Resources */ = {
			isa = PBXResourcesBuildPhase;
			buildActionMask = 2147483647;
			files = (
				12D1E217182DF7C1003E767E /* InfoPlist.strings in Resources */,
			);
			runOnlyForDeploymentPostprocessing = 0;
		};
/* End PBXResourcesBuildPhase section */

/* Begin PBXSourcesBuildPhase section */
		12D1E1E3182DF7C1003E767E /* Sources */ = {
			isa = PBXSourcesBuildPhase;
			buildActionMask = 2147483647;
			files = (
				12BDAAC7182F144000A61194 /* User.m in Sources */,
				12D1E226182DF86B003E767E /* ImageViewCell.m in Sources */,
				12BDAAA0182F0D2500A61194 /* AFNetworkReachabilityManager.m in Sources */,
				12D1E26F182E1493003E767E /* EIOperationManager.m in Sources */,
				12D1E284182E2D7C003E767E /* UIImage+ImageEffects.m in Sources */,
				12D1E285182E2D7C003E767E /* UINavigationController+MHDismissModalView.m in Sources */,
				12BDAA85182EE48F00A61194 /* ReportItem.m in Sources */,
				12BDAABC182F0D2E00A61194 /* UIWebView+AFNetworking.m in Sources */,
				12BDAAB9182F0D2E00A61194 /* UIButton+AFNetworking.m in Sources */,
				12BDAA65182EA0C400A61194 /* DashboardViewController.m in Sources */,
				12D1E26E182E1493003E767E /* EIImagePickerDelegate.m in Sources */,
				12BDAAC1182F141700A61194 /* ActivityType.m in Sources */,
				12BDAAB7182F0D2E00A61194 /* UIActivityIndicatorView+AFNetworking.m in Sources */,
				12D1E270182E1493003E767E /* NSData+Storage.m in Sources */,
				12BDAAA5182F0D2500A61194 /* AFURLSessionManager.m in Sources */,
				12BDAA88182EE6A000A61194 /* ViewReportViewController.m in Sources */,
				12D1E288182E2F33003E767E /* AddFriendsViewController.m in Sources */,
				12BDAAC4182F143300A61194 /* Activity.m in Sources */,
				12D1E2D1182E6047003E767E /* ChooseDateTimeView.m in Sources */,
				12D1E260182E1112003E767E /* CreateVoteViewController.m in Sources */,
				12BDAAB8182F0D2E00A61194 /* UIAlertView+AFNetworking.m in Sources */,
				12D1E2B6182E48BE003E767E /* CalendarViewItem.m in Sources */,
				12D1E204182DF7C1003E767E /* ViewController.m in Sources */,
				12BDAA68182EA68700A61194 /* VotingViewController.m in Sources */,
				12D1E2D8182E68C3003E767E /* CategoryItem.m in Sources */,
				12BDAAA4182F0D2500A61194 /* AFURLResponseSerialization.m in Sources */,
				12D1E1FB182DF7C1003E767E /* AppDelegate.m in Sources */,
				12BDAABA182F0D2E00A61194 /* UIImageView+AFNetworking.m in Sources */,
				12BDAA9D182F0D2500A61194 /* AFHTTPRequestOperation.m in Sources */,
				12BDAABB182F0D2E00A61194 /* UIProgressView+AFNetworking.m in Sources */,
				12BDAAA2182F0D2500A61194 /* AFURLConnectionOperation.m in Sources */,
				12BDAA9E182F0D2500A61194 /* AFHTTPRequestOperationManager.m in Sources */,
				12D1E271182E1493003E767E /* StandardPaths.m in Sources */,
				12BDAACD182F170F00A61194 /* AFAppDotNetAPIClient.m in Sources */,
				12D1E1F7182DF7C1003E767E /* main.m in Sources */,
				12D1E272182E1493003E767E /* UIImage+Resize.m in Sources */,
				12BDAAA3182F0D2500A61194 /* AFURLRequestSerialization.m in Sources */,
				12BDAAA1182F0D2500A61194 /* AFSecurityPolicy.m in Sources */,
				12BDAAB6182F0D2E00A61194 /* AFNetworkActivityIndicatorManager.m in Sources */,
				12BDAA9F182F0D2500A61194 /* AFHTTPSessionManager.m in Sources */,
				12D1E27E182E209E003E767E /* CategoryView.m in Sources */,
			);
			runOnlyForDeploymentPostprocessing = 0;
		};
		12D1E207182DF7C1003E767E /* Sources */ = {
			isa = PBXSourcesBuildPhase;
			buildActionMask = 2147483647;
			files = (
				12D1E219182DF7C1003E767E /* GatherBoxTests.m in Sources */,
			);
			runOnlyForDeploymentPostprocessing = 0;
		};
/* End PBXSourcesBuildPhase section */

/* Begin PBXTargetDependency section */
		12D1E211182DF7C1003E767E /* PBXTargetDependency */ = {
			isa = PBXTargetDependency;
			target = 12D1E1E6182DF7C1003E767E /* GatherBox */;
			targetProxy = 12D1E210182DF7C1003E767E /* PBXContainerItemProxy */;
		};
/* End PBXTargetDependency section */

/* Begin PBXVariantGroup section */
		12D1E1F3182DF7C1003E767E /* InfoPlist.strings */ = {
			isa = PBXVariantGroup;
			children = (
				12D1E1F4182DF7C1003E767E /* en */,
			);
			name = InfoPlist.strings;
			sourceTree = "<group>";
		};
		12D1E1FC182DF7C1003E767E /* Main_iPhone.storyboard */ = {
			isa = PBXVariantGroup;
			children = (
				12D1E1FD182DF7C1003E767E /* Base */,
			);
			name = Main_iPhone.storyboard;
			sourceTree = "<group>";
		};
		12D1E1FF182DF7C1003E767E /* Main_iPad.storyboard */ = {
			isa = PBXVariantGroup;
			children = (
				12D1E200182DF7C1003E767E /* Base */,
			);
			name = Main_iPad.storyboard;
			sourceTree = "<group>";
		};
		12D1E215182DF7C1003E767E /* InfoPlist.strings */ = {
			isa = PBXVariantGroup;
			children = (
				12D1E216182DF7C1003E767E /* en */,
			);
			name = InfoPlist.strings;
			sourceTree = "<group>";
		};
/* End PBXVariantGroup section */

/* Begin XCBuildConfiguration section */
		12D1E21A182DF7C1003E767E /* Debug */ = {
			isa = XCBuildConfiguration;
			buildSettings = {
				ALWAYS_SEARCH_USER_PATHS = NO;
				ARCHS = "$(ARCHS_STANDARD_INCLUDING_64_BIT)";
				CLANG_CXX_LANGUAGE_STANDARD = "gnu++0x";
				CLANG_CXX_LIBRARY = "libc++";
				CLANG_ENABLE_MODULES = YES;
				CLANG_ENABLE_OBJC_ARC = YES;
				CLANG_WARN_BOOL_CONVERSION = YES;
				CLANG_WARN_CONSTANT_CONVERSION = YES;
				CLANG_WARN_DIRECT_OBJC_ISA_USAGE = YES_ERROR;
				CLANG_WARN_EMPTY_BODY = YES;
				CLANG_WARN_ENUM_CONVERSION = YES;
				CLANG_WARN_INT_CONVERSION = YES;
				CLANG_WARN_OBJC_ROOT_CLASS = YES_ERROR;
				CLANG_WARN__DUPLICATE_METHOD_MATCH = YES;
				"CODE_SIGN_IDENTITY[sdk=iphoneos*]" = "iPhone Developer";
				COPY_PHASE_STRIP = NO;
				GCC_C_LANGUAGE_STANDARD = gnu99;
				GCC_DYNAMIC_NO_PIC = NO;
				GCC_OPTIMIZATION_LEVEL = 0;
				GCC_PREPROCESSOR_DEFINITIONS = (
					"DEBUG=1",
					"$(inherited)",
				);
				GCC_SYMBOLS_PRIVATE_EXTERN = NO;
				GCC_WARN_64_TO_32_BIT_CONVERSION = YES;
				GCC_WARN_ABOUT_RETURN_TYPE = YES_ERROR;
				GCC_WARN_UNDECLARED_SELECTOR = YES;
				GCC_WARN_UNINITIALIZED_AUTOS = YES;
				GCC_WARN_UNUSED_FUNCTION = YES;
				GCC_WARN_UNUSED_VARIABLE = YES;
				IPHONEOS_DEPLOYMENT_TARGET = 7.0;
				ONLY_ACTIVE_ARCH = YES;
				SDKROOT = iphoneos;
				TARGETED_DEVICE_FAMILY = "1,2";
			};
			name = Debug;
		};
		12D1E21B182DF7C1003E767E /* Release */ = {
			isa = XCBuildConfiguration;
			buildSettings = {
				ALWAYS_SEARCH_USER_PATHS = NO;
				ARCHS = "$(ARCHS_STANDARD_INCLUDING_64_BIT)";
				CLANG_CXX_LANGUAGE_STANDARD = "gnu++0x";
				CLANG_CXX_LIBRARY = "libc++";
				CLANG_ENABLE_MODULES = YES;
				CLANG_ENABLE_OBJC_ARC = YES;
				CLANG_WARN_BOOL_CONVERSION = YES;
				CLANG_WARN_CONSTANT_CONVERSION = YES;
				CLANG_WARN_DIRECT_OBJC_ISA_USAGE = YES_ERROR;
				CLANG_WARN_EMPTY_BODY = YES;
				CLANG_WARN_ENUM_CONVERSION = YES;
				CLANG_WARN_INT_CONVERSION = YES;
				CLANG_WARN_OBJC_ROOT_CLASS = YES_ERROR;
				CLANG_WARN__DUPLICATE_METHOD_MATCH = YES;
				"CODE_SIGN_IDENTITY[sdk=iphoneos*]" = "iPhone Developer";
				COPY_PHASE_STRIP = YES;
				ENABLE_NS_ASSERTIONS = NO;
				GCC_C_LANGUAGE_STANDARD = gnu99;
				GCC_WARN_64_TO_32_BIT_CONVERSION = YES;
				GCC_WARN_ABOUT_RETURN_TYPE = YES_ERROR;
				GCC_WARN_UNDECLARED_SELECTOR = YES;
				GCC_WARN_UNINITIALIZED_AUTOS = YES;
				GCC_WARN_UNUSED_FUNCTION = YES;
				GCC_WARN_UNUSED_VARIABLE = YES;
				IPHONEOS_DEPLOYMENT_TARGET = 7.0;
				SDKROOT = iphoneos;
				TARGETED_DEVICE_FAMILY = "1,2";
				VALIDATE_PRODUCT = YES;
			};
			name = Release;
		};
		12D1E21D182DF7C1003E767E /* Debug */ = {
			isa = XCBuildConfiguration;
			buildSettings = {
				ASSETCATALOG_COMPILER_LAUNCHIMAGE_NAME = LaunchImage;
				CODE_SIGN_IDENTITY = "iPhone Developer";
				"CODE_SIGN_IDENTITY[sdk=iphoneos*]" = "iPhone Developer";
				GCC_PRECOMPILE_PREFIX_HEADER = YES;
				GCC_PREFIX_HEADER = "GatherBox/GatherBox-Prefix.pch";
				INFOPLIST_FILE = "GatherBox/GatherBox-Info.plist";
				PRODUCT_NAME = "$(TARGET_NAME)";
				PROVISIONING_PROFILE = "";
				TARGETED_DEVICE_FAMILY = 1;
				WRAPPER_EXTENSION = app;
			};
			name = Debug;
		};
		12D1E21E182DF7C1003E767E /* Release */ = {
			isa = XCBuildConfiguration;
			buildSettings = {
				ASSETCATALOG_COMPILER_LAUNCHIMAGE_NAME = LaunchImage;
				CODE_SIGN_IDENTITY = "iPhone Developer";
				"CODE_SIGN_IDENTITY[sdk=iphoneos*]" = "iPhone Developer";
				GCC_PRECOMPILE_PREFIX_HEADER = YES;
				GCC_PREFIX_HEADER = "GatherBox/GatherBox-Prefix.pch";
				INFOPLIST_FILE = "GatherBox/GatherBox-Info.plist";
				PRODUCT_NAME = "$(TARGET_NAME)";
				PROVISIONING_PROFILE = "";
				TARGETED_DEVICE_FAMILY = 1;
				WRAPPER_EXTENSION = app;
			};
			name = Release;
		};
		12D1E220182DF7C1003E767E /* Debug */ = {
			isa = XCBuildConfiguration;
			buildSettings = {
				ARCHS = "$(ARCHS_STANDARD_INCLUDING_64_BIT)";
				BUNDLE_LOADER = "$(BUILT_PRODUCTS_DIR)/GatherBox.app/GatherBox";
				FRAMEWORK_SEARCH_PATHS = (
					"$(SDKROOT)/Developer/Library/Frameworks",
					"$(inherited)",
					"$(DEVELOPER_FRAMEWORKS_DIR)",
				);
				GCC_PRECOMPILE_PREFIX_HEADER = YES;
				GCC_PREFIX_HEADER = "GatherBox/GatherBox-Prefix.pch";
				GCC_PREPROCESSOR_DEFINITIONS = (
					"DEBUG=1",
					"$(inherited)",
				);
				INFOPLIST_FILE = "GatherBoxTests/GatherBoxTests-Info.plist";
				PRODUCT_NAME = "$(TARGET_NAME)";
				TEST_HOST = "$(BUNDLE_LOADER)";
				WRAPPER_EXTENSION = xctest;
			};
			name = Debug;
		};
		12D1E221182DF7C1003E767E /* Release */ = {
			isa = XCBuildConfiguration;
			buildSettings = {
				ARCHS = "$(ARCHS_STANDARD_INCLUDING_64_BIT)";
				BUNDLE_LOADER = "$(BUILT_PRODUCTS_DIR)/GatherBox.app/GatherBox";
				FRAMEWORK_SEARCH_PATHS = (
					"$(SDKROOT)/Developer/Library/Frameworks",
					"$(inherited)",
					"$(DEVELOPER_FRAMEWORKS_DIR)",
				);
				GCC_PRECOMPILE_PREFIX_HEADER = YES;
				GCC_PREFIX_HEADER = "GatherBox/GatherBox-Prefix.pch";
				INFOPLIST_FILE = "GatherBoxTests/GatherBoxTests-Info.plist";
				PRODUCT_NAME = "$(TARGET_NAME)";
				TEST_HOST = "$(BUNDLE_LOADER)";
				WRAPPER_EXTENSION = xctest;
			};
			name = Release;
		};
/* End XCBuildConfiguration section */

/* Begin XCConfigurationList section */
		12D1E1E2182DF7C1003E767E /* Build configuration list for PBXProject "GatherBox" */ = {
			isa = XCConfigurationList;
			buildConfigurations = (
				12D1E21A182DF7C1003E767E /* Debug */,
				12D1E21B182DF7C1003E767E /* Release */,
			);
			defaultConfigurationIsVisible = 0;
			defaultConfigurationName = Release;
		};
		12D1E21C182DF7C1003E767E /* Build configuration list for PBXNativeTarget "GatherBox" */ = {
			isa = XCConfigurationList;
			buildConfigurations = (
				12D1E21D182DF7C1003E767E /* Debug */,
				12D1E21E182DF7C1003E767E /* Release */,
			);
			defaultConfigurationIsVisible = 0;
			defaultConfigurationName = Release;
		};
		12D1E21F182DF7C1003E767E /* Build configuration list for PBXNativeTarget "GatherBoxTests" */ = {
			isa = XCConfigurationList;
			buildConfigurations = (
				12D1E220182DF7C1003E767E /* Debug */,
				12D1E221182DF7C1003E767E /* Release */,
			);
			defaultConfigurationIsVisible = 0;
			defaultConfigurationName = Release;
		};
/* End XCConfigurationList section */
	};
	rootObject = 12D1E1DF182DF7C1003E767E /* Project object */;
}
