// !$*UTF8*$!
{
	archiveVersion = 1;
	classes = {
	};
	objectVersion = 46;
	objects = {

/* Begin PBXBuildFile section */
		12BDAA65182EA0C400A61194 /* DashboardViewController.m in Sources */ = {isa = PBXBuildFile; fileRef = 12BDAA64182EA0C400A61194 /* DashboardViewController.m */; };
		12BDAA68182EA68700A61194 /* VotingViewController.m in Sources */ = {isa = PBXBuildFile; fileRef = 12BDAA67182EA68700A61194 /* VotingViewController.m */; };
		12D1E1EB182DF7C1003E767E /* Foundation.framework in Frameworks */ = {isa = PBXBuildFile; fileRef = 12D1E1EA182DF7C1003E767E /* Foundation.framework */; };
		12D1E1ED182DF7C1003E767E /* CoreGraphics.framework in Frameworks */ = {isa = PBXBuildFile; fileRef = 12D1E1EC182DF7C1003E767E /* CoreGraphics.framework */; };
		12D1E1EF182DF7C1003E767E /* UIKit.framework in Frameworks */ = {isa = PBXBuildFile; fileRef = 12D1E1EE182DF7C1003E767E /* UIKit.framework */; };
		12D1E1F5182DF7C1003E767E /* InfoPlist.strings in Resources */ = {isa = PBXBuildFile; fileRef = 12D1E1F3182DF7C1003E767E /* InfoPlist.strings */; };
		12D1E1F7182DF7C1003E767E /* main.m in Sources */ = {isa = PBXBuildFile; fileRef = 12D1E1F6182DF7C1003E767E /* main.m */; };
		12D1E1FB182DF7C1003E767E /* AppDelegate.m in Sources */ = {isa = PBXBuildFile; fileRef = 12D1E1FA182DF7C1003E767E /* AppDelegate.m */; };
		12D1E1FE182DF7C1003E767E /* Main_iPhone.storyboard in Resources */ = {isa = PBXBuildFile; fileRef = 12D1E1FC182DF7C1003E767E /* Main_iPhone.storyboard */; };
		12D1E201182DF7C1003E767E /* Main_iPad.storyboard in Resources */ = {isa = PBXBuildFile; fileRef = 12D1E1FF182DF7C1003E767E /* Main_iPad.storyboard */; };
		12D1E204182DF7C1003E767E /* ViewController.m in Sources */ = {isa = PBXBuildFile; fileRef = 12D1E203182DF7C1003E767E /* ViewController.m */; };
		12D1E206182DF7C1003E767E /* Images.xcassets in Resources */ = {isa = PBXBuildFile; fileRef = 12D1E205182DF7C1003E767E /* Images.xcassets */; };
		12D1E20D182DF7C1003E767E /* XCTest.framework in Frameworks */ = {isa = PBXBuildFile; fileRef = 12D1E20C182DF7C1003E767E /* XCTest.framework */; };
		12D1E20E182DF7C1003E767E /* Foundation.framework in Frameworks */ = {isa = PBXBuildFile; fileRef = 12D1E1EA182DF7C1003E767E /* Foundation.framework */; };
		12D1E20F182DF7C1003E767E /* UIKit.framework in Frameworks */ = {isa = PBXBuildFile; fileRef = 12D1E1EE182DF7C1003E767E /* UIKit.framework */; };
		12D1E217182DF7C1003E767E /* InfoPlist.strings in Resources */ = {isa = PBXBuildFile; fileRef = 12D1E215182DF7C1003E767E /* InfoPlist.strings */; };
		12D1E219182DF7C1003E767E /* GatherBoxTests.m in Sources */ = {isa = PBXBuildFile; fileRef = 12D1E218182DF7C1003E767E /* GatherBoxTests.m */; };
		12D1E226182DF86B003E767E /* ImageViewCell.m in Sources */ = {isa = PBXBuildFile; fileRef = 12D1E223182DF86B003E767E /* ImageViewCell.m */; };
		12D1E229182DF98D003E767E /* Cell.png in Resources */ = {isa = PBXBuildFile; fileRef = 12D1E228182DF98D003E767E /* Cell.png */; };
		12D1E245182E0362003E767E /* CHANGELOG.md in Resources */ = {isa = PBXBuildFile; fileRef = 12D1E241182E0362003E767E /* CHANGELOG.md */; };
		12D1E246182E0362003E767E /* JSONKit.m in Sources */ = {isa = PBXBuildFile; fileRef = 12D1E243182E0362003E767E /* JSONKit.m */; };
		12D1E247182E0362003E767E /* README.md in Resources */ = {isa = PBXBuildFile; fileRef = 12D1E244182E0362003E767E /* README.md */; };
		12D1E258182E059D003E767E /* EGOCache.m in Sources */ = {isa = PBXBuildFile; fileRef = 12D1E24B182E059D003E767E /* EGOCache.m */; };
		12D1E259182E059D003E767E /* README.mdown in Resources */ = {isa = PBXBuildFile; fileRef = 12D1E24C182E059D003E767E /* README.mdown */; };
		12D1E25A182E059D003E767E /* EGOImageButton.m in Sources */ = {isa = PBXBuildFile; fileRef = 12D1E24F182E059D003E767E /* EGOImageButton.m */; };
		12D1E25B182E059D003E767E /* EGOImageLoadConnection.m in Sources */ = {isa = PBXBuildFile; fileRef = 12D1E252182E059D003E767E /* EGOImageLoadConnection.m */; };
		12D1E25C182E059D003E767E /* EGOImageLoader.m in Sources */ = {isa = PBXBuildFile; fileRef = 12D1E254182E059D003E767E /* EGOImageLoader.m */; };
		12D1E25D182E059D003E767E /* EGOImageView.m in Sources */ = {isa = PBXBuildFile; fileRef = 12D1E257182E059D003E767E /* EGOImageView.m */; };
		12D1E260182E1112003E767E /* CreateVoteViewController.m in Sources */ = {isa = PBXBuildFile; fileRef = 12D1E25F182E1112003E767E /* CreateVoteViewController.m */; };
		12D1E26E182E1493003E767E /* EIImagePickerDelegate.m in Sources */ = {isa = PBXBuildFile; fileRef = 12D1E263182E1493003E767E /* EIImagePickerDelegate.m */; };
		12D1E26F182E1493003E767E /* EIOperationManager.m in Sources */ = {isa = PBXBuildFile; fileRef = 12D1E265182E1493003E767E /* EIOperationManager.m */; };
		12D1E270182E1493003E767E /* NSData+Storage.m in Sources */ = {isa = PBXBuildFile; fileRef = 12D1E268182E1493003E767E /* NSData+Storage.m */; };
		12D1E271182E1493003E767E /* StandardPaths.m in Sources */ = {isa = PBXBuildFile; fileRef = 12D1E26B182E1493003E767E /* StandardPaths.m */; };
		12D1E272182E1493003E767E /* UIImage+Resize.m in Sources */ = {isa = PBXBuildFile; fileRef = 12D1E26D182E1493003E767E /* UIImage+Resize.m */; };
		12D1E274182E18EE003E767E /* plus_icon.png in Resources */ = {isa = PBXBuildFile; fileRef = 12D1E273182E18EE003E767E /* plus_icon.png */; };
		12D1E276182E1B8F003E767E /* QuartzCore.framework in Frameworks */ = {isa = PBXBuildFile; fileRef = 12D1E275182E1B8F003E767E /* QuartzCore.framework */; };
		12D1E278182E1CC6003E767E /* boy.png in Resources */ = {isa = PBXBuildFile; fileRef = 12D1E277182E1CC6003E767E /* boy.png */; };
		12D1E27E182E209E003E767E /* CategoryView.m in Sources */ = {isa = PBXBuildFile; fileRef = 12D1E27D182E209E003E767E /* CategoryView.m */; };
		12D1E284182E2D7C003E767E /* UIImage+ImageEffects.m in Sources */ = {isa = PBXBuildFile; fileRef = 12D1E281182E2D7C003E767E /* UIImage+ImageEffects.m */; };
		12D1E285182E2D7C003E767E /* UINavigationController+MHDismissModalView.m in Sources */ = {isa = PBXBuildFile; fileRef = 12D1E283182E2D7C003E767E /* UINavigationController+MHDismissModalView.m */; };
		12D1E288182E2F33003E767E /* AddFriendsViewController.m in Sources */ = {isa = PBXBuildFile; fileRef = 12D1E287182E2F33003E767E /* AddFriendsViewController.m */; };
		12D1E29E182E429F003E767E /* add.png in Resources */ = {isa = PBXBuildFile; fileRef = 12D1E28C182E429F003E767E /* add.png */; };
		12D1E29F182E429F003E767E /* add@2x.png in Resources */ = {isa = PBXBuildFile; fileRef = 12D1E28D182E429F003E767E /* add@2x.png */; };
		12D1E2A0182E429F003E767E /* arrow-left.png in Resources */ = {isa = PBXBuildFile; fileRef = 12D1E28E182E429F003E767E /* arrow-left.png */; };
		12D1E2A1182E429F003E767E /* arrow-left@2x.png in Resources */ = {isa = PBXBuildFile; fileRef = 12D1E28F182E429F003E767E /* arrow-left@2x.png */; };
		12D1E2A2182E429F003E767E /* arrow-right.png in Resources */ = {isa = PBXBuildFile; fileRef = 12D1E290182E429F003E767E /* arrow-right.png */; };
		12D1E2A3182E429F003E767E /* arrow-right@2x.png in Resources */ = {isa = PBXBuildFile; fileRef = 12D1E291182E429F003E767E /* arrow-right@2x.png */; };
		12D1E2A4182E429F003E767E /* date-container.png in Resources */ = {isa = PBXBuildFile; fileRef = 12D1E292182E429F003E767E /* date-container.png */; };
		12D1E2A5182E429F003E767E /* date-container@2x.png in Resources */ = {isa = PBXBuildFile; fileRef = 12D1E293182E429F003E767E /* date-container@2x.png */; };
		12D1E2A6182E429F003E767E /* image-holder-tick.png in Resources */ = {isa = PBXBuildFile; fileRef = 12D1E294182E429F003E767E /* image-holder-tick.png */; };
		12D1E2A7182E429F003E767E /* image-holder.png in Resources */ = {isa = PBXBuildFile; fileRef = 12D1E295182E429F003E767E /* image-holder.png */; };
		12D1E2A8182E429F003E767E /* Input.png in Resources */ = {isa = PBXBuildFile; fileRef = 12D1E296182E429F003E767E /* Input.png */; };
		12D1E2A9182E429F003E767E /* Input@2x.png in Resources */ = {isa = PBXBuildFile; fileRef = 12D1E297182E429F003E767E /* Input@2x.png */; };
		12D1E2AA182E429F003E767E /* step1.png in Resources */ = {isa = PBXBuildFile; fileRef = 12D1E298182E429F003E767E /* step1.png */; };
		12D1E2AB182E429F003E767E /* step1@2x.png in Resources */ = {isa = PBXBuildFile; fileRef = 12D1E299182E429F003E767E /* step1@2x.png */; };
		12D1E2AC182E429F003E767E /* step2.png in Resources */ = {isa = PBXBuildFile; fileRef = 12D1E29A182E429F003E767E /* step2.png */; };
		12D1E2AD182E429F003E767E /* step2@2x.png in Resources */ = {isa = PBXBuildFile; fileRef = 12D1E29B182E429F003E767E /* step2@2x.png */; };
		12D1E2AE182E429F003E767E /* step3.png in Resources */ = {isa = PBXBuildFile; fileRef = 12D1E29C182E429F003E767E /* step3.png */; };
		12D1E2AF182E429F003E767E /* step3@2x.png in Resources */ = {isa = PBXBuildFile; fileRef = 12D1E29D182E429F003E767E /* step3@2x.png */; };
		12D1E2B3182E46BF003E767E /* CalendarView.xib in Resources */ = {isa = PBXBuildFile; fileRef = 12D1E2B2182E46BF003E767E /* CalendarView.xib */; };
		12D1E2B6182E48BE003E767E /* CalendarViewItem.m in Sources */ = {isa = PBXBuildFile; fileRef = 12D1E2B5182E48BE003E767E /* CalendarViewItem.m */; };
		12D1E2C3182E4EDA003E767E /* bullet-selected.png in Resources */ = {isa = PBXBuildFile; fileRef = 12D1E2B7182E4EDA003E767E /* bullet-selected.png */; };
		12D1E2C4182E4EDA003E767E /* bullet-selected@2x.png in Resources */ = {isa = PBXBuildFile; fileRef = 12D1E2B8182E4EDA003E767E /* bullet-selected@2x.png */; };
		12D1E2C5182E4EDA003E767E /* bullet.png in Resources */ = {isa = PBXBuildFile; fileRef = 12D1E2B9182E4EDA003E767E /* bullet.png */; };
		12D1E2C6182E4EDA003E767E /* bullet@2x.png in Resources */ = {isa = PBXBuildFile; fileRef = 12D1E2BA182E4EDA003E767E /* bullet@2x.png */; };
		12D1E2C7182E4EDA003E767E /* line.png in Resources */ = {isa = PBXBuildFile; fileRef = 12D1E2BB182E4EDA003E767E /* line.png */; };
		12D1E2C8182E4EDA003E767E /* line@2x.png in Resources */ = {isa = PBXBuildFile; fileRef = 12D1E2BC182E4EDA003E767E /* line@2x.png */; };
		12D1E2C9182E4EDA003E767E /* step1-selected.png in Resources */ = {isa = PBXBuildFile; fileRef = 12D1E2BD182E4EDA003E767E /* step1-selected.png */; };
		12D1E2CA182E4EDA003E767E /* step1-selected@2x.png in Resources */ = {isa = PBXBuildFile; fileRef = 12D1E2BE182E4EDA003E767E /* step1-selected@2x.png */; };
		12D1E2CB182E4EDA003E767E /* step2-selected.png in Resources */ = {isa = PBXBuildFile; fileRef = 12D1E2BF182E4EDA003E767E /* step2-selected.png */; };
		12D1E2CC182E4EDA003E767E /* step2-selected@2x.png in Resources */ = {isa = PBXBuildFile; fileRef = 12D1E2C0182E4EDA003E767E /* step2-selected@2x.png */; };
		12D1E2CD182E4EDA003E767E /* step3-selected.png in Resources */ = {isa = PBXBuildFile; fileRef = 12D1E2C1182E4EDA003E767E /* step3-selected.png */; };
		12D1E2CE182E4EDA003E767E /* step3-selected@2x.png in Resources */ = {isa = PBXBuildFile; fileRef = 12D1E2C2182E4EDA003E767E /* step3-selected@2x.png */; };
		12D1E2D1182E6047003E767E /* ChooseDateTimeView.m in Sources */ = {isa = PBXBuildFile; fileRef = 12D1E2D0182E6047003E767E /* ChooseDateTimeView.m */; };
		12D1E2D5182E682E003E767E /* CategoryItem.xib in Resources */ = {isa = PBXBuildFile; fileRef = 12D1E2D4182E682E003E767E /* CategoryItem.xib */; };
		12D1E2D8182E68C3003E767E /* CategoryItem.m in Sources */ = {isa = PBXBuildFile; fileRef = 12D1E2D7182E68C3003E767E /* CategoryItem.m */; };
/* End PBXBuildFile section */

/* Begin PBXContainerItemProxy section */
		12D1E210182DF7C1003E767E /* PBXContainerItemProxy */ = {
			isa = PBXContainerItemProxy;
			containerPortal = 12D1E1DF182DF7C1003E767E /* Project object */;
			proxyType = 1;
			remoteGlobalIDString = 12D1E1E6182DF7C1003E767E;
			remoteInfo = GatherBox;
		};
/* End PBXContainerItemProxy section */

/* Begin PBXFileReference section */
		12BDAA63182EA0C400A61194 /* DashboardViewController.h */ = {isa = PBXFileReference; fileEncoding = 4; lastKnownFileType = sourcecode.c.h; path = DashboardViewController.h; sourceTree = "<group>"; };
		12BDAA64182EA0C400A61194 /* DashboardViewController.m */ = {isa = PBXFileReference; fileEncoding = 4; lastKnownFileType = sourcecode.c.objc; path = DashboardViewController.m; sourceTree = "<group>"; };
		12BDAA66182EA68700A61194 /* VotingViewController.h */ = {isa = PBXFileReference; fileEncoding = 4; lastKnownFileType = sourcecode.c.h; path = VotingViewController.h; sourceTree = "<group>"; };
		12BDAA67182EA68700A61194 /* VotingViewController.m */ = {isa = PBXFileReference; fileEncoding = 4; lastKnownFileType = sourcecode.c.objc; path = VotingViewController.m; sourceTree = "<group>"; };
		12D1E1E7182DF7C1003E767E /* GatherBox.app */ = {isa = PBXFileReference; explicitFileType = wrapper.application; includeInIndex = 0; path = GatherBox.app; sourceTree = BUILT_PRODUCTS_DIR; };
		12D1E1EA182DF7C1003E767E /* Foundation.framework */ = {isa = PBXFileReference; lastKnownFileType = wrapper.framework; name = Foundation.framework; path = System/Library/Frameworks/Foundation.framework; sourceTree = SDKROOT; };
		12D1E1EC182DF7C1003E767E /* CoreGraphics.framework */ = {isa = PBXFileReference; lastKnownFileType = wrapper.framework; name = CoreGraphics.framework; path = System/Library/Frameworks/CoreGraphics.framework; sourceTree = SDKROOT; };
		12D1E1EE182DF7C1003E767E /* UIKit.framework */ = {isa = PBXFileReference; lastKnownFileType = wrapper.framework; name = UIKit.framework; path = System/Library/Frameworks/UIKit.framework; sourceTree = SDKROOT; };
		12D1E1F2182DF7C1003E767E /* GatherBox-Info.plist */ = {isa = PBXFileReference; lastKnownFileType = text.plist.xml; path = "GatherBox-Info.plist"; sourceTree = "<group>"; };
		12D1E1F4182DF7C1003E767E /* en */ = {isa = PBXFileReference; lastKnownFileType = text.plist.strings; name = en; path = en.lproj/InfoPlist.strings; sourceTree = "<group>"; };
		12D1E1F6182DF7C1003E767E /* main.m */ = {isa = PBXFileReference; lastKnownFileType = sourcecode.c.objc; path = main.m; sourceTree = "<group>"; };
		12D1E1F8182DF7C1003E767E /* GatherBox-Prefix.pch */ = {isa = PBXFileReference; lastKnownFileType = sourcecode.c.h; path = "GatherBox-Prefix.pch"; sourceTree = "<group>"; };
		12D1E1F9182DF7C1003E767E /* AppDelegate.h */ = {isa = PBXFileReference; lastKnownFileType = sourcecode.c.h; path = AppDelegate.h; sourceTree = "<group>"; };
		12D1E1FA182DF7C1003E767E /* AppDelegate.m */ = {isa = PBXFileReference; lastKnownFileType = sourcecode.c.objc; path = AppDelegate.m; sourceTree = "<group>"; };
		12D1E1FD182DF7C1003E767E /* Base */ = {isa = PBXFileReference; lastKnownFileType = file.storyboard; name = Base; path = Base.lproj/Main_iPhone.storyboard; sourceTree = "<group>"; };
		12D1E200182DF7C1003E767E /* Base */ = {isa = PBXFileReference; lastKnownFileType = file.storyboard; name = Base; path = Base.lproj/Main_iPad.storyboard; sourceTree = "<group>"; };
		12D1E202182DF7C1003E767E /* ViewController.h */ = {isa = PBXFileReference; lastKnownFileType = sourcecode.c.h; path = ViewController.h; sourceTree = "<group>"; };
		12D1E203182DF7C1003E767E /* ViewController.m */ = {isa = PBXFileReference; lastKnownFileType = sourcecode.c.objc; path = ViewController.m; sourceTree = "<group>"; };
		12D1E205182DF7C1003E767E /* Images.xcassets */ = {isa = PBXFileReference; lastKnownFileType = folder.assetcatalog; path = Images.xcassets; sourceTree = "<group>"; };
		12D1E20B182DF7C1003E767E /* GatherBoxTests.xctest */ = {isa = PBXFileReference; explicitFileType = wrapper.cfbundle; includeInIndex = 0; path = GatherBoxTests.xctest; sourceTree = BUILT_PRODUCTS_DIR; };
		12D1E20C182DF7C1003E767E /* XCTest.framework */ = {isa = PBXFileReference; lastKnownFileType = wrapper.framework; name = XCTest.framework; path = Library/Frameworks/XCTest.framework; sourceTree = DEVELOPER_DIR; };
		12D1E214182DF7C1003E767E /* GatherBoxTests-Info.plist */ = {isa = PBXFileReference; lastKnownFileType = text.plist.xml; path = "GatherBoxTests-Info.plist"; sourceTree = "<group>"; };
		12D1E216182DF7C1003E767E /* en */ = {isa = PBXFileReference; lastKnownFileType = text.plist.strings; name = en; path = en.lproj/InfoPlist.strings; sourceTree = "<group>"; };
		12D1E218182DF7C1003E767E /* GatherBoxTests.m */ = {isa = PBXFileReference; lastKnownFileType = sourcecode.c.objc; path = GatherBoxTests.m; sourceTree = "<group>"; };
		12D1E222182DF86B003E767E /* ImageViewCell.h */ = {isa = PBXFileReference; fileEncoding = 4; lastKnownFileType = sourcecode.c.h; path = ImageViewCell.h; sourceTree = "<group>"; };
		12D1E223182DF86B003E767E /* ImageViewCell.m */ = {isa = PBXFileReference; fileEncoding = 4; lastKnownFileType = sourcecode.c.objc; path = ImageViewCell.m; sourceTree = "<group>"; };
		12D1E228182DF98D003E767E /* Cell.png */ = {isa = PBXFileReference; lastKnownFileType = image.png; path = Cell.png; sourceTree = "<group>"; };
		12D1E241182E0362003E767E /* CHANGELOG.md */ = {isa = PBXFileReference; fileEncoding = 4; lastKnownFileType = text; path = CHANGELOG.md; sourceTree = "<group>"; };
		12D1E242182E0362003E767E /* JSONKit.h */ = {isa = PBXFileReference; fileEncoding = 4; lastKnownFileType = sourcecode.c.h; path = JSONKit.h; sourceTree = "<group>"; };
		12D1E243182E0362003E767E /* JSONKit.m */ = {isa = PBXFileReference; fileEncoding = 4; lastKnownFileType = sourcecode.c.objc; path = JSONKit.m; sourceTree = "<group>"; };
		12D1E244182E0362003E767E /* README.md */ = {isa = PBXFileReference; fileEncoding = 4; lastKnownFileType = text; path = README.md; sourceTree = "<group>"; };
		12D1E24A182E059D003E767E /* EGOCache.h */ = {isa = PBXFileReference; fileEncoding = 4; lastKnownFileType = sourcecode.c.h; path = EGOCache.h; sourceTree = "<group>"; };
		12D1E24B182E059D003E767E /* EGOCache.m */ = {isa = PBXFileReference; fileEncoding = 4; lastKnownFileType = sourcecode.c.objc; path = EGOCache.m; sourceTree = "<group>"; };
		12D1E24C182E059D003E767E /* README.mdown */ = {isa = PBXFileReference; fileEncoding = 4; lastKnownFileType = text; path = README.mdown; sourceTree = "<group>"; };
		12D1E24E182E059D003E767E /* EGOImageButton.h */ = {isa = PBXFileReference; fileEncoding = 4; lastKnownFileType = sourcecode.c.h; path = EGOImageButton.h; sourceTree = "<group>"; };
		12D1E24F182E059D003E767E /* EGOImageButton.m */ = {isa = PBXFileReference; fileEncoding = 4; lastKnownFileType = sourcecode.c.objc; path = EGOImageButton.m; sourceTree = "<group>"; };
		12D1E251182E059D003E767E /* EGOImageLoadConnection.h */ = {isa = PBXFileReference; fileEncoding = 4; lastKnownFileType = sourcecode.c.h; path = EGOImageLoadConnection.h; sourceTree = "<group>"; };
		12D1E252182E059D003E767E /* EGOImageLoadConnection.m */ = {isa = PBXFileReference; fileEncoding = 4; lastKnownFileType = sourcecode.c.objc; path = EGOImageLoadConnection.m; sourceTree = "<group>"; };
		12D1E253182E059D003E767E /* EGOImageLoader.h */ = {isa = PBXFileReference; fileEncoding = 4; lastKnownFileType = sourcecode.c.h; path = EGOImageLoader.h; sourceTree = "<group>"; };
		12D1E254182E059D003E767E /* EGOImageLoader.m */ = {isa = PBXFileReference; fileEncoding = 4; lastKnownFileType = sourcecode.c.objc; path = EGOImageLoader.m; sourceTree = "<group>"; };
		12D1E256182E059D003E767E /* EGOImageView.h */ = {isa = PBXFileReference; fileEncoding = 4; lastKnownFileType = sourcecode.c.h; path = EGOImageView.h; sourceTree = "<group>"; };
		12D1E257182E059D003E767E /* EGOImageView.m */ = {isa = PBXFileReference; fileEncoding = 4; lastKnownFileType = sourcecode.c.objc; path = EGOImageView.m; sourceTree = "<group>"; };
		12D1E25E182E1112003E767E /* CreateVoteViewController.h */ = {isa = PBXFileReference; fileEncoding = 4; lastKnownFileType = sourcecode.c.h; path = CreateVoteViewController.h; sourceTree = "<group>"; };
		12D1E25F182E1112003E767E /* CreateVoteViewController.m */ = {isa = PBXFileReference; fileEncoding = 4; lastKnownFileType = sourcecode.c.objc; path = CreateVoteViewController.m; sourceTree = "<group>"; };
		12D1E262182E1493003E767E /* EIImagePickerDelegate.h */ = {isa = PBXFileReference; fileEncoding = 4; lastKnownFileType = sourcecode.c.h; path = EIImagePickerDelegate.h; sourceTree = "<group>"; };
		12D1E263182E1493003E767E /* EIImagePickerDelegate.m */ = {isa = PBXFileReference; fileEncoding = 4; lastKnownFileType = sourcecode.c.objc; path = EIImagePickerDelegate.m; sourceTree = "<group>"; };
		12D1E264182E1493003E767E /* EIOperationManager.h */ = {isa = PBXFileReference; fileEncoding = 4; lastKnownFileType = sourcecode.c.h; path = EIOperationManager.h; sourceTree = "<group>"; };
		12D1E265182E1493003E767E /* EIOperationManager.m */ = {isa = PBXFileReference; fileEncoding = 4; lastKnownFileType = sourcecode.c.objc; path = EIOperationManager.m; sourceTree = "<group>"; };
		12D1E266182E1493003E767E /* EssentialImager.h */ = {isa = PBXFileReference; fileEncoding = 4; lastKnownFileType = sourcecode.c.h; path = EssentialImager.h; sourceTree = "<group>"; };
		12D1E267182E1493003E767E /* NSData+Storage.h */ = {isa = PBXFileReference; fileEncoding = 4; lastKnownFileType = sourcecode.c.h; path = "NSData+Storage.h"; sourceTree = "<group>"; };
		12D1E268182E1493003E767E /* NSData+Storage.m */ = {isa = PBXFileReference; fileEncoding = 4; lastKnownFileType = sourcecode.c.objc; path = "NSData+Storage.m"; sourceTree = "<group>"; };
		12D1E26A182E1493003E767E /* StandardPaths.h */ = {isa = PBXFileReference; fileEncoding = 4; lastKnownFileType = sourcecode.c.h; path = StandardPaths.h; sourceTree = "<group>"; };
		12D1E26B182E1493003E767E /* StandardPaths.m */ = {isa = PBXFileReference; fileEncoding = 4; lastKnownFileType = sourcecode.c.objc; path = StandardPaths.m; sourceTree = "<group>"; };
		12D1E26C182E1493003E767E /* UIImage+Resize.h */ = {isa = PBXFileReference; fileEncoding = 4; lastKnownFileType = sourcecode.c.h; path = "UIImage+Resize.h"; sourceTree = "<group>"; };
		12D1E26D182E1493003E767E /* UIImage+Resize.m */ = {isa = PBXFileReference; fileEncoding = 4; lastKnownFileType = sourcecode.c.objc; path = "UIImage+Resize.m"; sourceTree = "<group>"; };
		12D1E273182E18EE003E767E /* plus_icon.png */ = {isa = PBXFileReference; lastKnownFileType = image.png; path = plus_icon.png; sourceTree = "<group>"; };
		12D1E275182E1B8F003E767E /* QuartzCore.framework */ = {isa = PBXFileReference; lastKnownFileType = wrapper.framework; name = QuartzCore.framework; path = System/Library/Frameworks/QuartzCore.framework; sourceTree = SDKROOT; };
		12D1E277182E1CC6003E767E /* boy.png */ = {isa = PBXFileReference; lastKnownFileType = image.png; path = boy.png; sourceTree = "<group>"; };
		12D1E27C182E209E003E767E /* CategoryView.h */ = {isa = PBXFileReference; fileEncoding = 4; lastKnownFileType = sourcecode.c.h; path = CategoryView.h; sourceTree = "<group>"; };
		12D1E27D182E209E003E767E /* CategoryView.m */ = {isa = PBXFileReference; fileEncoding = 4; lastKnownFileType = sourcecode.c.objc; path = CategoryView.m; sourceTree = "<group>"; };
		12D1E280182E2D7C003E767E /* UIImage+ImageEffects.h */ = {isa = PBXFileReference; fileEncoding = 4; lastKnownFileType = sourcecode.c.h; path = "UIImage+ImageEffects.h"; sourceTree = "<group>"; };
		12D1E281182E2D7C003E767E /* UIImage+ImageEffects.m */ = {isa = PBXFileReference; fileEncoding = 4; lastKnownFileType = sourcecode.c.objc; path = "UIImage+ImageEffects.m"; sourceTree = "<group>"; };
		12D1E282182E2D7C003E767E /* UINavigationController+MHDismissModalView.h */ = {isa = PBXFileReference; fileEncoding = 4; lastKnownFileType = sourcecode.c.h; path = "UINavigationController+MHDismissModalView.h"; sourceTree = "<group>"; };
		12D1E283182E2D7C003E767E /* UINavigationController+MHDismissModalView.m */ = {isa = PBXFileReference; fileEncoding = 4; lastKnownFileType = sourcecode.c.objc; path = "UINavigationController+MHDismissModalView.m"; sourceTree = "<group>"; };
		12D1E286182E2F33003E767E /* AddFriendsViewController.h */ = {isa = PBXFileReference; fileEncoding = 4; lastKnownFileType = sourcecode.c.h; path = AddFriendsViewController.h; sourceTree = "<group>"; };
		12D1E287182E2F33003E767E /* AddFriendsViewController.m */ = {isa = PBXFileReference; fileEncoding = 4; lastKnownFileType = sourcecode.c.objc; path = AddFriendsViewController.m; sourceTree = "<group>"; };
		12D1E28C182E429F003E767E /* add.png */ = {isa = PBXFileReference; lastKnownFileType = image.png; path = add.png; sourceTree = "<group>"; };
		12D1E28D182E429F003E767E /* add@2x.png */ = {isa = PBXFileReference; lastKnownFileType = image.png; path = "add@2x.png"; sourceTree = "<group>"; };
		12D1E28E182E429F003E767E /* arrow-left.png */ = {isa = PBXFileReference; lastKnownFileType = image.png; path = "arrow-left.png"; sourceTree = "<group>"; };
		12D1E28F182E429F003E767E /* arrow-left@2x.png */ = {isa = PBXFileReference; lastKnownFileType = image.png; path = "arrow-left@2x.png"; sourceTree = "<group>"; };
		12D1E290182E429F003E767E /* arrow-right.png */ = {isa = PBXFileReference; lastKnownFileType = image.png; path = "arrow-right.png"; sourceTree = "<group>"; };
		12D1E291182E429F003E767E /* arrow-right@2x.png */ = {isa = PBXFileReference; lastKnownFileType = image.png; path = "arrow-right@2x.png"; sourceTree = "<group>"; };
		12D1E292182E429F003E767E /* date-container.png */ = {isa = PBXFileReference; lastKnownFileType = image.png; path = "date-container.png"; sourceTree = "<group>"; };
		12D1E293182E429F003E767E /* date-container@2x.png */ = {isa = PBXFileReference; lastKnownFileType = image.png; path = "date-container@2x.png"; sourceTree = "<group>"; };
		12D1E294182E429F003E767E /* image-holder-tick.png */ = {isa = PBXFileReference; lastKnownFileType = image.png; path = "image-holder-tick.png"; sourceTree = "<group>"; };
		12D1E295182E429F003E767E /* image-holder.png */ = {isa = PBXFileReference; lastKnownFileType = image.png; path = "image-holder.png"; sourceTree = "<group>"; };
		12D1E296182E429F003E767E /* Input.png */ = {isa = PBXFileReference; lastKnownFileType = image.png; path = Input.png; sourceTree = "<group>"; };
		12D1E297182E429F003E767E /* Input@2x.png */ = {isa = PBXFileReference; lastKnownFileType = image.png; path = "Input@2x.png"; sourceTree = "<group>"; };
		12D1E298182E429F003E767E /* step1.png */ = {isa = PBXFileReference; lastKnownFileType = image.png; path = step1.png; sourceTree = "<group>"; };
		12D1E299182E429F003E767E /* step1@2x.png */ = {isa = PBXFileReference; lastKnownFileType = image.png; path = "step1@2x.png"; sourceTree = "<group>"; };
		12D1E29A182E429F003E767E /* step2.png */ = {isa = PBXFileReference; lastKnownFileType = image.png; path = step2.png; sourceTree = "<group>"; };
		12D1E29B182E429F003E767E /* step2@2x.png */ = {isa = PBXFileReference; lastKnownFileType = image.png; path = "step2@2x.png"; sourceTree = "<group>"; };
		12D1E29C182E429F003E767E /* step3.png */ = {isa = PBXFileReference; lastKnownFileType = image.png; path = step3.png; sourceTree = "<group>"; };
		12D1E29D182E429F003E767E /* step3@2x.png */ = {isa = PBXFileReference; lastKnownFileType = image.png; path = "step3@2x.png"; sourceTree = "<group>"; };
		12D1E2B2182E46BF003E767E /* CalendarView.xib */ = {isa = PBXFileReference; fileEncoding = 4; lastKnownFileType = file.xib; path = CalendarView.xib; sourceTree = "<group>"; };
		12D1E2B4182E48BE003E767E /* CalendarViewItem.h */ = {isa = PBXFileReference; fileEncoding = 4; lastKnownFileType = sourcecode.c.h; path = CalendarViewItem.h; sourceTree = "<group>"; };
		12D1E2B5182E48BE003E767E /* CalendarViewItem.m */ = {isa = PBXFileReference; fileEncoding = 4; lastKnownFileType = sourcecode.c.objc; path = CalendarViewItem.m; sourceTree = "<group>"; };
		12D1E2B7182E4EDA003E767E /* bullet-selected.png */ = {isa = PBXFileReference; lastKnownFileType = image.png; path = "bullet-selected.png"; sourceTree = "<group>"; };
		12D1E2B8182E4EDA003E767E /* bullet-selected@2x.png */ = {isa = PBXFileReference; lastKnownFileType = image.png; path = "bullet-selected@2x.png"; sourceTree = "<group>"; };
		12D1E2B9182E4EDA003E767E /* bullet.png */ = {isa = PBXFileReference; lastKnownFileType = image.png; path = bullet.png; sourceTree = "<group>"; };
		12D1E2BA182E4EDA003E767E /* bullet@2x.png */ = {isa = PBXFileReference; lastKnownFileType = image.png; path = "bullet@2x.png"; sourceTree = "<group>"; };
		12D1E2BB182E4EDA003E767E /* line.png */ = {isa = PBXFileReference; lastKnownFileType = image.png; path = line.png; sourceTree = "<group>"; };
		12D1E2BC182E4EDA003E767E /* line@2x.png */ = {isa = PBXFileReference; lastKnownFileType = image.png; path = "line@2x.png"; sourceTree = "<group>"; };
		12D1E2BD182E4EDA003E767E /* step1-selected.png */ = {isa = PBXFileReference; lastKnownFileType = image.png; path = "step1-selected.png"; sourceTree = "<group>"; };
		12D1E2BE182E4EDA003E767E /* step1-selected@2x.png */ = {isa = PBXFileReference; lastKnownFileType = image.png; path = "step1-selected@2x.png"; sourceTree = "<group>"; };
		12D1E2BF182E4EDA003E767E /* step2-selected.png */ = {isa = PBXFileReference; lastKnownFileType = image.png; path = "step2-selected.png"; sourceTree = "<group>"; };
		12D1E2C0182E4EDA003E767E /* step2-selected@2x.png */ = {isa = PBXFileReference; lastKnownFileType = image.png; path = "step2-selected@2x.png"; sourceTree = "<group>"; };
		12D1E2C1182E4EDA003E767E /* step3-selected.png */ = {isa = PBXFileReference; lastKnownFileType = image.png; path = "step3-selected.png"; sourceTree = "<group>"; };
		12D1E2C2182E4EDA003E767E /* step3-selected@2x.png */ = {isa = PBXFileReference; lastKnownFileType = image.png; path = "step3-selected@2x.png"; sourceTree = "<group>"; };
		12D1E2CF182E6047003E767E /* ChooseDateTimeView.h */ = {isa = PBXFileReference; fileEncoding = 4; lastKnownFileType = sourcecode.c.h; path = ChooseDateTimeView.h; sourceTree = "<group>"; };
		12D1E2D0182E6047003E767E /* ChooseDateTimeView.m */ = {isa = PBXFileReference; fileEncoding = 4; lastKnownFileType = sourcecode.c.objc; path = ChooseDateTimeView.m; sourceTree = "<group>"; };
		12D1E2D4182E682E003E767E /* CategoryItem.xib */ = {isa = PBXFileReference; fileEncoding = 4; lastKnownFileType = file.xib; path = CategoryItem.xib; sourceTree = "<group>"; };
		12D1E2D6182E68C3003E767E /* CategoryItem.h */ = {isa = PBXFileReference; fileEncoding = 4; lastKnownFileType = sourcecode.c.h; path = CategoryItem.h; sourceTree = "<group>"; };
		12D1E2D7182E68C3003E767E /* CategoryItem.m */ = {isa = PBXFileReference; fileEncoding = 4; lastKnownFileType = sourcecode.c.objc; path = CategoryItem.m; sourceTree = "<group>"; };
/* End PBXFileReference section */

/* Begin PBXFrameworksBuildPhase section */
		12D1E1E4182DF7C1003E767E /* Frameworks */ = {
			isa = PBXFrameworksBuildPhase;
			buildActionMask = 2147483647;
			files = (
				12D1E276182E1B8F003E767E /* QuartzCore.framework in Frameworks */,
				12D1E1ED182DF7C1003E767E /* CoreGraphics.framework in Frameworks */,
				12D1E1EF182DF7C1003E767E /* UIKit.framework in Frameworks */,
				12D1E1EB182DF7C1003E767E /* Foundation.framework in Frameworks */,
			);
			runOnlyForDeploymentPostprocessing = 0;
		};
		12D1E208182DF7C1003E767E /* Frameworks */ = {
			isa = PBXFrameworksBuildPhase;
			buildActionMask = 2147483647;
			files = (
				12D1E20D182DF7C1003E767E /* XCTest.framework in Frameworks */,
				12D1E20F182DF7C1003E767E /* UIKit.framework in Frameworks */,
				12D1E20E182DF7C1003E767E /* Foundation.framework in Frameworks */,
			);
			runOnlyForDeploymentPostprocessing = 0;
		};
/* End PBXFrameworksBuildPhase section */

/* Begin PBXGroup section */
		12D1E1DE182DF7C1003E767E = {
			isa = PBXGroup;
			children = (
				12D1E1F0182DF7C1003E767E /* GatherBox */,
				12D1E212182DF7C1003E767E /* GatherBoxTests */,
				12D1E1E9182DF7C1003E767E /* Frameworks */,
				12D1E1E8182DF7C1003E767E /* Products */,
			);
			sourceTree = "<group>";
		};
		12D1E1E8182DF7C1003E767E /* Products */ = {
			isa = PBXGroup;
			children = (
				12D1E1E7182DF7C1003E767E /* GatherBox.app */,
				12D1E20B182DF7C1003E767E /* GatherBoxTests.xctest */,
			);
			name = Products;
			sourceTree = "<group>";
		};
		12D1E1E9182DF7C1003E767E /* Frameworks */ = {
			isa = PBXGroup;
			children = (
				12D1E275182E1B8F003E767E /* QuartzCore.framework */,
				12D1E1EA182DF7C1003E767E /* Foundation.framework */,
				12D1E1EC182DF7C1003E767E /* CoreGraphics.framework */,
				12D1E1EE182DF7C1003E767E /* UIKit.framework */,
				12D1E20C182DF7C1003E767E /* XCTest.framework */,
			);
			name = Frameworks;
			sourceTree = "<group>";
		};
		12D1E1F0182DF7C1003E767E /* GatherBox */ = {
			isa = PBXGroup;
			children = (
				12D1E27F182E2D7C003E767E /* PushControllers */,
				12D1E261182E1493003E767E /* EssentialImager */,
				12D1E248182E059D003E767E /* EGOImageLoading */,
				12D1E240182E0362003E767E /* JSONKit */,
				12D1E222182DF86B003E767E /* ImageViewCell.h */,
				12D1E223182DF86B003E767E /* ImageViewCell.m */,
				12D1E1F9182DF7C1003E767E /* AppDelegate.h */,
				12D1E1FA182DF7C1003E767E /* AppDelegate.m */,
				12D1E1FC182DF7C1003E767E /* Main_iPhone.storyboard */,
				12D1E1FF182DF7C1003E767E /* Main_iPad.storyboard */,
				12D1E202182DF7C1003E767E /* ViewController.h */,
				12D1E203182DF7C1003E767E /* ViewController.m */,
				12D1E205182DF7C1003E767E /* Images.xcassets */,
				12D1E1F1182DF7C1003E767E /* Supporting Files */,
				12D1E25E182E1112003E767E /* CreateVoteViewController.h */,
				12D1E25F182E1112003E767E /* CreateVoteViewController.m */,
				12D1E27C182E209E003E767E /* CategoryView.h */,
				12D1E27D182E209E003E767E /* CategoryView.m */,
				12D1E286182E2F33003E767E /* AddFriendsViewController.h */,
				12D1E287182E2F33003E767E /* AddFriendsViewController.m */,
				12D1E2B2182E46BF003E767E /* CalendarView.xib */,
				12D1E2B4182E48BE003E767E /* CalendarViewItem.h */,
				12D1E2B5182E48BE003E767E /* CalendarViewItem.m */,
				12D1E2CF182E6047003E767E /* ChooseDateTimeView.h */,
				12D1E2D0182E6047003E767E /* ChooseDateTimeView.m */,
				12D1E2D4182E682E003E767E /* CategoryItem.xib */,
				12D1E2D6182E68C3003E767E /* CategoryItem.h */,
				12D1E2D7182E68C3003E767E /* CategoryItem.m */,
				12BDAA63182EA0C400A61194 /* DashboardViewController.h */,
				12BDAA64182EA0C400A61194 /* DashboardViewController.m */,
				12BDAA66182EA68700A61194 /* VotingViewController.h */,
				12BDAA67182EA68700A61194 /* VotingViewController.m */,
			);
			path = GatherBox;
			sourceTree = "<group>";
		};
		12D1E1F1182DF7C1003E767E /* Supporting Files */ = {
			isa = PBXGroup;
			children = (
				12D1E2B7182E4EDA003E767E /* bullet-selected.png */,
				12D1E2B8182E4EDA003E767E /* bullet-selected@2x.png */,
				12D1E2B9182E4EDA003E767E /* bullet.png */,
				12D1E2BA182E4EDA003E767E /* bullet@2x.png */,
				12D1E2BB182E4EDA003E767E /* line.png */,
				12D1E2BC182E4EDA003E767E /* line@2x.png */,
				12D1E2BD182E4EDA003E767E /* step1-selected.png */,
				12D1E2BE182E4EDA003E767E /* step1-selected@2x.png */,
				12D1E2BF182E4EDA003E767E /* step2-selected.png */,
				12D1E2C0182E4EDA003E767E /* step2-selected@2x.png */,
				12D1E2C1182E4EDA003E767E /* step3-selected.png */,
				12D1E2C2182E4EDA003E767E /* step3-selected@2x.png */,
				12D1E28C182E429F003E767E /* add.png */,
				12D1E28D182E429F003E767E /* add@2x.png */,
				12D1E28E182E429F003E767E /* arrow-left.png */,
				12D1E28F182E429F003E767E /* arrow-left@2x.png */,
				12D1E290182E429F003E767E /* arrow-right.png */,
				12D1E291182E429F003E767E /* arrow-right@2x.png */,
				12D1E292182E429F003E767E /* date-container.png */,
				12D1E293182E429F003E767E /* date-container@2x.png */,
				12D1E294182E429F003E767E /* image-holder-tick.png */,
				12D1E295182E429F003E767E /* image-holder.png */,
				12D1E296182E429F003E767E /* Input.png */,
				12D1E297182E429F003E767E /* Input@2x.png */,
				12D1E298182E429F003E767E /* step1.png */,
				12D1E299182E429F003E767E /* step1@2x.png */,
				12D1E29A182E429F003E767E /* step2.png */,
				12D1E29B182E429F003E767E /* step2@2x.png */,
				12D1E29C182E429F003E767E /* step3.png */,
				12D1E29D182E429F003E767E /* step3@2x.png */,
				12D1E277182E1CC6003E767E /* boy.png */,
				12D1E273182E18EE003E767E /* plus_icon.png */,
				12D1E228182DF98D003E767E /* Cell.png */,
				12D1E1F2182DF7C1003E767E /* GatherBox-Info.plist */,
				12D1E1F3182DF7C1003E767E /* InfoPlist.strings */,
				12D1E1F6182DF7C1003E767E /* main.m */,
				12D1E1F8182DF7C1003E767E /* GatherBox-Prefix.pch */,
			);
			name = "Supporting Files";
			sourceTree = "<group>";
		};
		12D1E212182DF7C1003E767E /* GatherBoxTests */ = {
			isa = PBXGroup;
			children = (
				12D1E218182DF7C1003E767E /* GatherBoxTests.m */,
				12D1E213182DF7C1003E767E /* Supporting Files */,
			);
			path = GatherBoxTests;
			sourceTree = "<group>";
		};
		12D1E213182DF7C1003E767E /* Supporting Files */ = {
			isa = PBXGroup;
			children = (
				12D1E214182DF7C1003E767E /* GatherBoxTests-Info.plist */,
				12D1E215182DF7C1003E767E /* InfoPlist.strings */,
			);
			name = "Supporting Files";
			sourceTree = "<group>";
		};
		12D1E240182E0362003E767E /* JSONKit */ = {
			isa = PBXGroup;
			children = (
				12D1E241182E0362003E767E /* CHANGELOG.md */,
				12D1E242182E0362003E767E /* JSONKit.h */,
				12D1E243182E0362003E767E /* JSONKit.m */,
				12D1E244182E0362003E767E /* README.md */,
			);
			path = JSONKit;
			sourceTree = "<group>";
		};
		12D1E248182E059D003E767E /* EGOImageLoading */ = {
			isa = PBXGroup;
			children = (
				12D1E249182E059D003E767E /* EGOCache */,
				12D1E24D182E059D003E767E /* EGOImageButton */,
				12D1E250182E059D003E767E /* EGOImageLoader */,
				12D1E255182E059D003E767E /* EGOImageView */,
			);
			path = EGOImageLoading;
			sourceTree = "<group>";
		};
		12D1E249182E059D003E767E /* EGOCache */ = {
			isa = PBXGroup;
			children = (
				12D1E24A182E059D003E767E /* EGOCache.h */,
				12D1E24B182E059D003E767E /* EGOCache.m */,
				12D1E24C182E059D003E767E /* README.mdown */,
			);
			path = EGOCache;
			sourceTree = "<group>";
		};
		12D1E24D182E059D003E767E /* EGOImageButton */ = {
			isa = PBXGroup;
			children = (
				12D1E24E182E059D003E767E /* EGOImageButton.h */,
				12D1E24F182E059D003E767E /* EGOImageButton.m */,
			);
			path = EGOImageButton;
			sourceTree = "<group>";
		};
		12D1E250182E059D003E767E /* EGOImageLoader */ = {
			isa = PBXGroup;
			children = (
				12D1E251182E059D003E767E /* EGOImageLoadConnection.h */,
				12D1E252182E059D003E767E /* EGOImageLoadConnection.m */,
				12D1E253182E059D003E767E /* EGOImageLoader.h */,
				12D1E254182E059D003E767E /* EGOImageLoader.m */,
			);
			path = EGOImageLoader;
			sourceTree = "<group>";
		};
		12D1E255182E059D003E767E /* EGOImageView */ = {
			isa = PBXGroup;
			children = (
				12D1E256182E059D003E767E /* EGOImageView.h */,
				12D1E257182E059D003E767E /* EGOImageView.m */,
			);
			path = EGOImageView;
			sourceTree = "<group>";
		};
		12D1E261182E1493003E767E /* EssentialImager */ = {
			isa = PBXGroup;
			children = (
				12D1E262182E1493003E767E /* EIImagePickerDelegate.h */,
				12D1E263182E1493003E767E /* EIImagePickerDelegate.m */,
				12D1E264182E1493003E767E /* EIOperationManager.h */,
				12D1E265182E1493003E767E /* EIOperationManager.m */,
				12D1E266182E1493003E767E /* EssentialImager.h */,
				12D1E267182E1493003E767E /* NSData+Storage.h */,
				12D1E268182E1493003E767E /* NSData+Storage.m */,
				12D1E269182E1493003E767E /* StandardPaths */,
				12D1E26C182E1493003E767E /* UIImage+Resize.h */,
				12D1E26D182E1493003E767E /* UIImage+Resize.m */,
			);
			path = EssentialImager;
			sourceTree = "<group>";
		};
		12D1E269182E1493003E767E /* StandardPaths */ = {
			isa = PBXGroup;
			children = (
				12D1E26A182E1493003E767E /* StandardPaths.h */,
				12D1E26B182E1493003E767E /* StandardPaths.m */,
			);
			path = StandardPaths;
			sourceTree = "<group>";
		};
		12D1E27F182E2D7C003E767E /* PushControllers */ = {
			isa = PBXGroup;
			children = (
				12D1E280182E2D7C003E767E /* UIImage+ImageEffects.h */,
				12D1E281182E2D7C003E767E /* UIImage+ImageEffects.m */,
				12D1E282182E2D7C003E767E /* UINavigationController+MHDismissModalView.h */,
				12D1E283182E2D7C003E767E /* UINavigationController+MHDismissModalView.m */,
			);
			path = PushControllers;
			sourceTree = "<group>";
		};
/* End PBXGroup section */

/* Begin PBXNativeTarget section */
		12D1E1E6182DF7C1003E767E /* GatherBox */ = {
			isa = PBXNativeTarget;
			buildConfigurationList = 12D1E21C182DF7C1003E767E /* Build configuration list for PBXNativeTarget "GatherBox" */;
			buildPhases = (
				12D1E1E3182DF7C1003E767E /* Sources */,
				12D1E1E4182DF7C1003E767E /* Frameworks */,
				12D1E1E5182DF7C1003E767E /* Resources */,
			);
			buildRules = (
			);
			dependencies = (
			);
			name = GatherBox;
			productName = GatherBox;
			productReference = 12D1E1E7182DF7C1003E767E /* GatherBox.app */;
			productType = "com.apple.product-type.application";
		};
		12D1E20A182DF7C1003E767E /* GatherBoxTests */ = {
			isa = PBXNativeTarget;
			buildConfigurationList = 12D1E21F182DF7C1003E767E /* Build configuration list for PBXNativeTarget "GatherBoxTests" */;
			buildPhases = (
				12D1E207182DF7C1003E767E /* Sources */,
				12D1E208182DF7C1003E767E /* Frameworks */,
				12D1E209182DF7C1003E767E /* Resources */,
			);
			buildRules = (
			);
			dependencies = (
				12D1E211182DF7C1003E767E /* PBXTargetDependency */,
			);
			name = GatherBoxTests;
			productName = GatherBoxTests;
			productReference = 12D1E20B182DF7C1003E767E /* GatherBoxTests.xctest */;
			productType = "com.apple.product-type.bundle.unit-test";
		};
/* End PBXNativeTarget section */

/* Begin PBXProject section */
		12D1E1DF182DF7C1003E767E /* Project object */ = {
			isa = PBXProject;
			attributes = {
				LastUpgradeCheck = 0500;
				ORGANIZATIONNAME = "Kaven Feng";
				TargetAttributes = {
					12D1E20A182DF7C1003E767E = {
						TestTargetID = 12D1E1E6182DF7C1003E767E;
					};
				};
			};
			buildConfigurationList = 12D1E1E2182DF7C1003E767E /* Build configuration list for PBXProject "GatherBox" */;
			compatibilityVersion = "Xcode 3.2";
			developmentRegion = English;
			hasScannedForEncodings = 0;
			knownRegions = (
				en,
				Base,
			);
			mainGroup = 12D1E1DE182DF7C1003E767E;
			productRefGroup = 12D1E1E8182DF7C1003E767E /* Products */;
			projectDirPath = "";
			projectRoot = "";
			targets = (
				12D1E1E6182DF7C1003E767E /* GatherBox */,
				12D1E20A182DF7C1003E767E /* GatherBoxTests */,
			);
		};
/* End PBXProject section */

/* Begin PBXResourcesBuildPhase section */
		12D1E1E5182DF7C1003E767E /* Resources */ = {
			isa = PBXResourcesBuildPhase;
			buildActionMask = 2147483647;
			files = (
				12D1E2A5182E429F003E767E /* date-container@2x.png in Resources */,
				12D1E2AA182E429F003E767E /* step1.png in Resources */,
				12D1E2CD182E4EDA003E767E /* step3-selected.png in Resources */,
				12D1E2A9182E429F003E767E /* Input@2x.png in Resources */,
				12D1E2AD182E429F003E767E /* step2@2x.png in Resources */,
				12D1E2B3182E46BF003E767E /* CalendarView.xib in Resources */,
				12D1E2D5182E682E003E767E /* CategoryItem.xib in Resources */,
				12D1E2CB182E4EDA003E767E /* step2-selected.png in Resources */,
				12D1E2C5182E4EDA003E767E /* bullet.png in Resources */,
				12D1E201182DF7C1003E767E /* Main_iPad.storyboard in Resources */,
				12D1E2A1182E429F003E767E /* arrow-left@2x.png in Resources */,
				12D1E206182DF7C1003E767E /* Images.xcassets in Resources */,
				12D1E229182DF98D003E767E /* Cell.png in Resources */,
				12D1E1FE182DF7C1003E767E /* Main_iPhone.storyboard in Resources */,
				12D1E2A8182E429F003E767E /* Input.png in Resources */,
				12D1E2A3182E429F003E767E /* arrow-right@2x.png in Resources */,
				12D1E2C3182E4EDA003E767E /* bullet-selected.png in Resources */,
				12D1E245182E0362003E767E /* CHANGELOG.md in Resources */,
				12D1E2C6182E4EDA003E767E /* bullet@2x.png in Resources */,
				12D1E259182E059D003E767E /* README.mdown in Resources */,
				12D1E2C7182E4EDA003E767E /* line.png in Resources */,
				12D1E29E182E429F003E767E /* add.png in Resources */,
				12D1E2A2182E429F003E767E /* arrow-right.png in Resources */,
				12D1E2C9182E4EDA003E767E /* step1-selected.png in Resources */,
				12D1E2AC182E429F003E767E /* step2.png in Resources */,
				12D1E2C8182E4EDA003E767E /* line@2x.png in Resources */,
				12D1E278182E1CC6003E767E /* boy.png in Resources */,
				12D1E2C4182E4EDA003E767E /* bullet-selected@2x.png in Resources */,
				12D1E2CA182E4EDA003E767E /* step1-selected@2x.png in Resources */,
				12D1E29F182E429F003E767E /* add@2x.png in Resources */,
				12D1E274182E18EE003E767E /* plus_icon.png in Resources */,
				12D1E2AE182E429F003E767E /* step3.png in Resources */,
				12D1E2CC182E4EDA003E767E /* step2-selected@2x.png in Resources */,
				12D1E247182E0362003E767E /* README.md in Resources */,
				12D1E2A4182E429F003E767E /* date-container.png in Resources */,
				12D1E2A0182E429F003E767E /* arrow-left.png in Resources */,
				12D1E2A7182E429F003E767E /* image-holder.png in Resources */,
				12D1E2AF182E429F003E767E /* step3@2x.png in Resources */,
				12D1E2A6182E429F003E767E /* image-holder-tick.png in Resources */,
				12D1E2CE182E4EDA003E767E /* step3-selected@2x.png in Resources */,
				12D1E2AB182E429F003E767E /* step1@2x.png in Resources */,
				12D1E1F5182DF7C1003E767E /* InfoPlist.strings in Resources */,
			);
			runOnlyForDeploymentPostprocessing = 0;
		};
		12D1E209182DF7C1003E767E /* Resources */ = {
			isa = PBXResourcesBuildPhase;
			buildActionMask = 2147483647;
			files = (
				12D1E217182DF7C1003E767E /* InfoPlist.strings in Resources */,
			);
			runOnlyForDeploymentPostprocessing = 0;
		};
/* End PBXResourcesBuildPhase section */

/* Begin PBXSourcesBuildPhase section */
		12D1E1E3182DF7C1003E767E /* Sources */ = {
			isa = PBXSourcesBuildPhase;
			buildActionMask = 2147483647;
			files = (
				12D1E226182DF86B003E767E /* ImageViewCell.m in Sources */,
				12D1E26F182E1493003E767E /* EIOperationManager.m in Sources */,
				12D1E284182E2D7C003E767E /* UIImage+ImageEffects.m in Sources */,
				12D1E285182E2D7C003E767E /* UINavigationController+MHDismissModalView.m in Sources */,
				12BDAA65182EA0C400A61194 /* DashboardViewController.m in Sources */,
				12D1E26E182E1493003E767E /* EIImagePickerDelegate.m in Sources */,
				12D1E270182E1493003E767E /* NSData+Storage.m in Sources */,
				12D1E288182E2F33003E767E /* AddFriendsViewController.m in Sources */,
				12D1E2D1182E6047003E767E /* ChooseDateTimeView.m in Sources */,
				12D1E260182E1112003E767E /* CreateVoteViewController.m in Sources */,
				12D1E2B6182E48BE003E767E /* CalendarViewItem.m in Sources */,
				12D1E204182DF7C1003E767E /* ViewController.m in Sources */,
				12BDAA68182EA68700A61194 /* VotingViewController.m in Sources */,
				12D1E258182E059D003E767E /* EGOCache.m in Sources */,
				12D1E25C182E059D003E767E /* EGOImageLoader.m in Sources */,
				12D1E2D8182E68C3003E767E /* CategoryItem.m in Sources */,
				12D1E1FB182DF7C1003E767E /* AppDelegate.m in Sources */,
				12D1E25D182E059D003E767E /* EGOImageView.m in Sources */,
				12D1E271182E1493003E767E /* StandardPaths.m in Sources */,
				12D1E25A182E059D003E767E /* EGOImageButton.m in Sources */,
				12D1E1F7182DF7C1003E767E /* main.m in Sources */,
				12D1E246182E0362003E767E /* JSONKit.m in Sources */,
				12D1E272182E1493003E767E /* UIImage+Resize.m in Sources */,
				12D1E27E182E209E003E767E /* CategoryView.m in Sources */,
				12D1E25B182E059D003E767E /* EGOImageLoadConnection.m in Sources */,
			);
			runOnlyForDeploymentPostprocessing = 0;
		};
		12D1E207182DF7C1003E767E /* Sources */ = {
			isa = PBXSourcesBuildPhase;
			buildActionMask = 2147483647;
			files = (
				12D1E219182DF7C1003E767E /* GatherBoxTests.m in Sources */,
			);
			runOnlyForDeploymentPostprocessing = 0;
		};
/* End PBXSourcesBuildPhase section */

/* Begin PBXTargetDependency section */
		12D1E211182DF7C1003E767E /* PBXTargetDependency */ = {
			isa = PBXTargetDependency;
			target = 12D1E1E6182DF7C1003E767E /* GatherBox */;
			targetProxy = 12D1E210182DF7C1003E767E /* PBXContainerItemProxy */;
		};
/* End PBXTargetDependency section */

/* Begin PBXVariantGroup section */
		12D1E1F3182DF7C1003E767E /* InfoPlist.strings */ = {
			isa = PBXVariantGroup;
			children = (
				12D1E1F4182DF7C1003E767E /* en */,
			);
			name = InfoPlist.strings;
			sourceTree = "<group>";
		};
		12D1E1FC182DF7C1003E767E /* Main_iPhone.storyboard */ = {
			isa = PBXVariantGroup;
			children = (
				12D1E1FD182DF7C1003E767E /* Base */,
			);
			name = Main_iPhone.storyboard;
			sourceTree = "<group>";
		};
		12D1E1FF182DF7C1003E767E /* Main_iPad.storyboard */ = {
			isa = PBXVariantGroup;
			children = (
				12D1E200182DF7C1003E767E /* Base */,
			);
			name = Main_iPad.storyboard;
			sourceTree = "<group>";
		};
		12D1E215182DF7C1003E767E /* InfoPlist.strings */ = {
			isa = PBXVariantGroup;
			children = (
				12D1E216182DF7C1003E767E /* en */,
			);
			name = InfoPlist.strings;
			sourceTree = "<group>";
		};
/* End PBXVariantGroup section */

/* Begin XCBuildConfiguration section */
		12D1E21A182DF7C1003E767E /* Debug */ = {
			isa = XCBuildConfiguration;
			buildSettings = {
				ALWAYS_SEARCH_USER_PATHS = NO;
				ARCHS = "$(ARCHS_STANDARD_INCLUDING_64_BIT)";
				CLANG_CXX_LANGUAGE_STANDARD = "gnu++0x";
				CLANG_CXX_LIBRARY = "libc++";
				CLANG_ENABLE_MODULES = YES;
				CLANG_ENABLE_OBJC_ARC = NO;
				CLANG_WARN_BOOL_CONVERSION = YES;
				CLANG_WARN_CONSTANT_CONVERSION = YES;
				CLANG_WARN_DIRECT_OBJC_ISA_USAGE = YES_ERROR;
				CLANG_WARN_EMPTY_BODY = YES;
				CLANG_WARN_ENUM_CONVERSION = YES;
				CLANG_WARN_INT_CONVERSION = YES;
				CLANG_WARN_OBJC_ROOT_CLASS = YES_ERROR;
				CLANG_WARN__DUPLICATE_METHOD_MATCH = YES;
				"CODE_SIGN_IDENTITY[sdk=iphoneos*]" = "iPhone Developer";
				COPY_PHASE_STRIP = NO;
				GCC_C_LANGUAGE_STANDARD = gnu99;
				GCC_DYNAMIC_NO_PIC = NO;
				GCC_OPTIMIZATION_LEVEL = 0;
				GCC_PREPROCESSOR_DEFINITIONS = (
					"DEBUG=1",
					"$(inherited)",
				);
				GCC_SYMBOLS_PRIVATE_EXTERN = NO;
				GCC_WARN_64_TO_32_BIT_CONVERSION = YES;
				GCC_WARN_ABOUT_RETURN_TYPE = YES_ERROR;
				GCC_WARN_UNDECLARED_SELECTOR = YES;
				GCC_WARN_UNINITIALIZED_AUTOS = YES;
				GCC_WARN_UNUSED_FUNCTION = YES;
				GCC_WARN_UNUSED_VARIABLE = YES;
				IPHONEOS_DEPLOYMENT_TARGET = 7.0;
				ONLY_ACTIVE_ARCH = YES;
				SDKROOT = iphoneos;
				TARGETED_DEVICE_FAMILY = "1,2";
			};
			name = Debug;
		};
		12D1E21B182DF7C1003E767E /* Release */ = {
			isa = XCBuildConfiguration;
			buildSettings = {
				ALWAYS_SEARCH_USER_PATHS = NO;
				ARCHS = "$(ARCHS_STANDARD_INCLUDING_64_BIT)";
				CLANG_CXX_LANGUAGE_STANDARD = "gnu++0x";
				CLANG_CXX_LIBRARY = "libc++";
				CLANG_ENABLE_MODULES = YES;
				CLANG_ENABLE_OBJC_ARC = NO;
				CLANG_WARN_BOOL_CONVERSION = YES;
				CLANG_WARN_CONSTANT_CONVERSION = YES;
				CLANG_WARN_DIRECT_OBJC_ISA_USAGE = YES_ERROR;
				CLANG_WARN_EMPTY_BODY = YES;
				CLANG_WARN_ENUM_CONVERSION = YES;
				CLANG_WARN_INT_CONVERSION = YES;
				CLANG_WARN_OBJC_ROOT_CLASS = YES_ERROR;
				CLANG_WARN__DUPLICATE_METHOD_MATCH = YES;
				"CODE_SIGN_IDENTITY[sdk=iphoneos*]" = "iPhone Developer";
				COPY_PHASE_STRIP = YES;
				ENABLE_NS_ASSERTIONS = NO;
				GCC_C_LANGUAGE_STANDARD = gnu99;
				GCC_WARN_64_TO_32_BIT_CONVERSION = YES;
				GCC_WARN_ABOUT_RETURN_TYPE = YES_ERROR;
				GCC_WARN_UNDECLARED_SELECTOR = YES;
				GCC_WARN_UNINITIALIZED_AUTOS = YES;
				GCC_WARN_UNUSED_FUNCTION = YES;
				GCC_WARN_UNUSED_VARIABLE = YES;
				IPHONEOS_DEPLOYMENT_TARGET = 7.0;
				SDKROOT = iphoneos;
				TARGETED_DEVICE_FAMILY = "1,2";
				VALIDATE_PRODUCT = YES;
			};
			name = Release;
		};
		12D1E21D182DF7C1003E767E /* Debug */ = {
			isa = XCBuildConfiguration;
			buildSettings = {
				ASSETCATALOG_COMPILER_APPICON_NAME = AppIcon;
				ASSETCATALOG_COMPILER_LAUNCHIMAGE_NAME = LaunchImage;
				GCC_PRECOMPILE_PREFIX_HEADER = YES;
				GCC_PREFIX_HEADER = "GatherBox/GatherBox-Prefix.pch";
				INFOPLIST_FILE = "GatherBox/GatherBox-Info.plist";
				PRODUCT_NAME = "$(TARGET_NAME)";
				WRAPPER_EXTENSION = app;
			};
			name = Debug;
		};
		12D1E21E182DF7C1003E767E /* Release */ = {
			isa = XCBuildConfiguration;
			buildSettings = {
				ASSETCATALOG_COMPILER_APPICON_NAME = AppIcon;
				ASSETCATALOG_COMPILER_LAUNCHIMAGE_NAME = LaunchImage;
				GCC_PRECOMPILE_PREFIX_HEADER = YES;
				GCC_PREFIX_HEADER = "GatherBox/GatherBox-Prefix.pch";
				INFOPLIST_FILE = "GatherBox/GatherBox-Info.plist";
				PRODUCT_NAME = "$(TARGET_NAME)";
				WRAPPER_EXTENSION = app;
			};
			name = Release;
		};
		12D1E220182DF7C1003E767E /* Debug */ = {
			isa = XCBuildConfiguration;
			buildSettings = {
				ARCHS = "$(ARCHS_STANDARD_INCLUDING_64_BIT)";
				BUNDLE_LOADER = "$(BUILT_PRODUCTS_DIR)/GatherBox.app/GatherBox";
				FRAMEWORK_SEARCH_PATHS = (
					"$(SDKROOT)/Developer/Library/Frameworks",
					"$(inherited)",
					"$(DEVELOPER_FRAMEWORKS_DIR)",
				);
				GCC_PRECOMPILE_PREFIX_HEADER = YES;
				GCC_PREFIX_HEADER = "GatherBox/GatherBox-Prefix.pch";
				GCC_PREPROCESSOR_DEFINITIONS = (
					"DEBUG=1",
					"$(inherited)",
				);
				INFOPLIST_FILE = "GatherBoxTests/GatherBoxTests-Info.plist";
				PRODUCT_NAME = "$(TARGET_NAME)";
				TEST_HOST = "$(BUNDLE_LOADER)";
				WRAPPER_EXTENSION = xctest;
			};
			name = Debug;
		};
		12D1E221182DF7C1003E767E /* Release */ = {
			isa = XCBuildConfiguration;
			buildSettings = {
				ARCHS = "$(ARCHS_STANDARD_INCLUDING_64_BIT)";
				BUNDLE_LOADER = "$(BUILT_PRODUCTS_DIR)/GatherBox.app/GatherBox";
				FRAMEWORK_SEARCH_PATHS = (
					"$(SDKROOT)/Developer/Library/Frameworks",
					"$(inherited)",
					"$(DEVELOPER_FRAMEWORKS_DIR)",
				);
				GCC_PRECOMPILE_PREFIX_HEADER = YES;
				GCC_PREFIX_HEADER = "GatherBox/GatherBox-Prefix.pch";
				INFOPLIST_FILE = "GatherBoxTests/GatherBoxTests-Info.plist";
				PRODUCT_NAME = "$(TARGET_NAME)";
				TEST_HOST = "$(BUNDLE_LOADER)";
				WRAPPER_EXTENSION = xctest;
			};
			name = Release;
		};
/* End XCBuildConfiguration section */

/* Begin XCConfigurationList section */
		12D1E1E2182DF7C1003E767E /* Build configuration list for PBXProject "GatherBox" */ = {
			isa = XCConfigurationList;
			buildConfigurations = (
				12D1E21A182DF7C1003E767E /* Debug */,
				12D1E21B182DF7C1003E767E /* Release */,
			);
			defaultConfigurationIsVisible = 0;
			defaultConfigurationName = Release;
		};
		12D1E21C182DF7C1003E767E /* Build configuration list for PBXNativeTarget "GatherBox" */ = {
			isa = XCConfigurationList;
			buildConfigurations = (
				12D1E21D182DF7C1003E767E /* Debug */,
				12D1E21E182DF7C1003E767E /* Release */,
			);
			defaultConfigurationIsVisible = 0;
			defaultConfigurationName = Release;
		};
		12D1E21F182DF7C1003E767E /* Build configuration list for PBXNativeTarget "GatherBoxTests" */ = {
			isa = XCConfigurationList;
			buildConfigurations = (
				12D1E220182DF7C1003E767E /* Debug */,
				12D1E221182DF7C1003E767E /* Release */,
			);
			defaultConfigurationIsVisible = 0;
			defaultConfigurationName = Release;
		};
/* End XCConfigurationList section */
	};
	rootObject = 12D1E1DF182DF7C1003E767E /* Project object */;
}
